// !$*UTF8*$!
{
	archiveVersion = 1;
	classes = {
	};
	objectVersion = 46;
	objects = {

/* Begin PBXBuildFile section */
		1714C3BD13778C3F009E1BDA /* MBProgressHUD.m in Sources */ = {isa = PBXBuildFile; fileRef = 1714C3BC13778C3F009E1BDA /* MBProgressHUD.m */; };
		1777A001133060A600E3F4B9 /* RestaurantOrDishAnnotation.m in Sources */ = {isa = PBXBuildFile; fileRef = 1777A000133060A600E3F4B9 /* RestaurantOrDishAnnotation.m */; };
		1777A18D13310A3B00E3F4B9 /* Dish.m in Sources */ = {isa = PBXBuildFile; fileRef = 1777A18A13310A3B00E3F4B9 /* Dish.m */; };
		1777A18E13310A3B00E3F4B9 /* ObjectWithImage.m in Sources */ = {isa = PBXBuildFile; fileRef = 1777A18C13310A3B00E3F4B9 /* ObjectWithImage.m */; };
		1792A832136A65D10058B8B7 /* LeaveFeedbackViewController.m in Sources */ = {isa = PBXBuildFile; fileRef = 1792A830136A65D10058B8B7 /* LeaveFeedbackViewController.m */; };
		1792A833136A65D10058B8B7 /* LeaveFeedbackViewController.xib in Resources */ = {isa = PBXBuildFile; fileRef = 1792A831136A65D10058B8B7 /* LeaveFeedbackViewController.xib */; };
		179A8DA6134C29B20072CAF0 /* LoginModalView.m in Sources */ = {isa = PBXBuildFile; fileRef = 179A8DA4134C29B20072CAF0 /* LoginModalView.m */; };
		179A8DA7134C29B20072CAF0 /* LoginModalView.xib in Resources */ = {isa = PBXBuildFile; fileRef = 179A8DA5134C29B20072CAF0 /* LoginModalView.xib */; };
		17A5187413A303E400D47A3B /* filter.png in Resources */ = {isa = PBXBuildFile; fileRef = 17A5187313A303E400D47A3B /* filter.png */; };
		17A5188C13A3067C00D47A3B /* filter_on.png in Resources */ = {isa = PBXBuildFile; fileRef = 17A5188B13A3067C00D47A3B /* filter_on.png */; };
		17A518FD13A312AB00D47A3B /* CommentDetailViewController.m in Sources */ = {isa = PBXBuildFile; fileRef = 17A518FB13A312AB00D47A3B /* CommentDetailViewController.m */; };
		17A518FE13A312AB00D47A3B /* CommentDetailViewController.xib in Resources */ = {isa = PBXBuildFile; fileRef = 17A518FC13A312AB00D47A3B /* CommentDetailViewController.xib */; };
		17A519EF13A33D0400D47A3B /* FeedbackStringProcessor.m in Sources */ = {isa = PBXBuildFile; fileRef = 17A519EE13A33D0400D47A3B /* FeedbackStringProcessor.m */; };
		17A51DC513A545FE00D47A3B /* TermsAndConditionsViewController.m in Sources */ = {isa = PBXBuildFile; fileRef = 17A51DC313A545FE00D47A3B /* TermsAndConditionsViewController.m */; };
		17A51DC613A545FE00D47A3B /* TermsAndConditionsViewController.xib in Resources */ = {isa = PBXBuildFile; fileRef = 17A51DC413A545FE00D47A3B /* TermsAndConditionsViewController.xib */; };
		17A636831352795C00ED8842 /* CustomNSURLConnection.m in Sources */ = {isa = PBXBuildFile; fileRef = 17A636821352795C00ED8842 /* CustomNSURLConnection.m */; };
		17A637961352AB3C00ED8842 /* thumbsup.jpg in Resources */ = {isa = PBXBuildFile; fileRef = 17A637951352AB3C00ED8842 /* thumbsup.jpg */; };
		17A637981352AB4300ED8842 /* thumbsdown.jpg in Resources */ = {isa = PBXBuildFile; fileRef = 17A637971352AB4300ED8842 /* thumbsdown.jpg */; };
		17A64B8913613E6900ED8842 /* Security.framework in Frameworks */ = {isa = PBXBuildFile; fileRef = 17A64B8813613E6900ED8842 /* Security.framework */; };
		17A8A4E4137B9EAC002C5FBB /* DistanceUpdator.m in Sources */ = {isa = PBXBuildFile; fileRef = 17A8A4E3137B9EAC002C5FBB /* DistanceUpdator.m */; };
		17BBAFD81301AC2400705F1A /* CommentsCell.xib in Resources */ = {isa = PBXBuildFile; fileRef = 17BBAFD71301AC2400705F1A /* CommentsCell.xib */; };
		17C4A5B813353E7E005D950B /* IncomingProcessor.m in Sources */ = {isa = PBXBuildFile; fileRef = 17C4A5B713353E7E005D950B /* IncomingProcessor.m */; };
		17CAB697138B684000CF2F00 /* googleButton.png in Resources */ = {isa = PBXBuildFile; fileRef = 17CAB696138B684000CF2F00 /* googleButton.png */; };
		17DA5E411322BEDA00867B66 /* Facebook.m in Sources */ = {isa = PBXBuildFile; fileRef = 17DA5E351322BEDA00867B66 /* Facebook.m */; };
		17DA5E421322BEDA00867B66 /* FBConnect.bundle in Resources */ = {isa = PBXBuildFile; fileRef = 17DA5E361322BEDA00867B66 /* FBConnect.bundle */; };
		17DA5E431322BEDA00867B66 /* FBDialog.bundle in Resources */ = {isa = PBXBuildFile; fileRef = 17DA5E381322BEDA00867B66 /* FBDialog.bundle */; };
		17DA5E441322BEDA00867B66 /* FBDialog.m in Sources */ = {isa = PBXBuildFile; fileRef = 17DA5E3A1322BEDA00867B66 /* FBDialog.m */; };
		17DA5E451322BEDA00867B66 /* FBLoginButton.m in Sources */ = {isa = PBXBuildFile; fileRef = 17DA5E3C1322BEDA00867B66 /* FBLoginButton.m */; };
		17DA5E461322BEDA00867B66 /* FBLoginDialog.m in Sources */ = {isa = PBXBuildFile; fileRef = 17DA5E3E1322BEDA00867B66 /* FBLoginDialog.m */; };
		17DA5E471322BEDA00867B66 /* FBRequest.m in Sources */ = {isa = PBXBuildFile; fileRef = 17DA5E401322BEDA00867B66 /* FBRequest.m */; };
		17DA5E751322BF2500867B66 /* ASIAuthenticationDialog.m in Sources */ = {isa = PBXBuildFile; fileRef = 17DA5E621322BF2500867B66 /* ASIAuthenticationDialog.m */; };
		17DA5E761322BF2500867B66 /* ASIDataCompressor.m in Sources */ = {isa = PBXBuildFile; fileRef = 17DA5E651322BF2500867B66 /* ASIDataCompressor.m */; };
		17DA5E771322BF2500867B66 /* ASIDataDecompressor.m in Sources */ = {isa = PBXBuildFile; fileRef = 17DA5E671322BF2500867B66 /* ASIDataDecompressor.m */; };
		17DA5E781322BF2500867B66 /* ASIDownloadCache.m in Sources */ = {isa = PBXBuildFile; fileRef = 17DA5E691322BF2500867B66 /* ASIDownloadCache.m */; };
		17DA5E791322BF2500867B66 /* ASIFormDataRequest.m in Sources */ = {isa = PBXBuildFile; fileRef = 17DA5E6B1322BF2500867B66 /* ASIFormDataRequest.m */; };
		17DA5E7A1322BF2500867B66 /* ASIHTTPRequest.m in Sources */ = {isa = PBXBuildFile; fileRef = 17DA5E6D1322BF2500867B66 /* ASIHTTPRequest.m */; };
		17DA5E7B1322BF2500867B66 /* ASIInputStream.m in Sources */ = {isa = PBXBuildFile; fileRef = 17DA5E711322BF2500867B66 /* ASIInputStream.m */; };
		17DA5E7C1322BF2500867B66 /* ASINetworkQueue.m in Sources */ = {isa = PBXBuildFile; fileRef = 17DA5E731322BF2500867B66 /* ASINetworkQueue.m */; };
		17DA5EA21322BF7700867B66 /* AppModel.m in Sources */ = {isa = PBXBuildFile; fileRef = 17DA5EA11322BF7700867B66 /* AppModel.m */; };
		17DA5EB21322C05200867B66 /* AccountView.m in Sources */ = {isa = PBXBuildFile; fileRef = 17DA5EB01322C05200867B66 /* AccountView.m */; };
		17DA5EB31322C05200867B66 /* AccountView.xib in Resources */ = {isa = PBXBuildFile; fileRef = 17DA5EB11322C05200867B66 /* AccountView.xib */; };
		17DA5ED21322C57000867B66 /* AddADishViewController.m in Sources */ = {isa = PBXBuildFile; fileRef = 17DA5ECB1322C57000867B66 /* AddADishViewController.m */; };
		17DA5ED31322C57000867B66 /* AddADishViewController.xib in Resources */ = {isa = PBXBuildFile; fileRef = 17DA5ECC1322C57000867B66 /* AddADishViewController.xib */; };
		17DA5ED51322C57000867B66 /* RateADishViewController.m in Sources */ = {isa = PBXBuildFile; fileRef = 17DA5ED01322C57000867B66 /* RateADishViewController.m */; };
		17DA5ED61322C57000867B66 /* RateADishViewController.xib in Resources */ = {isa = PBXBuildFile; fileRef = 17DA5ED11322C57000867B66 /* RateADishViewController.xib */; };
		17DA5EE21322C5FD00867B66 /* RestaurantAnnotation.m in Sources */ = {isa = PBXBuildFile; fileRef = 17DA5EDE1322C5FD00867B66 /* RestaurantAnnotation.m */; };
		17DA5EE31322C5FD00867B66 /* RestaurantDetailView.xib in Resources */ = {isa = PBXBuildFile; fileRef = 17DA5EDF1322C5FD00867B66 /* RestaurantDetailView.xib */; };
		17DA5EE41322C5FD00867B66 /* RestaurantDetailViewController.m in Sources */ = {isa = PBXBuildFile; fileRef = 17DA5EE11322C5FD00867B66 /* RestaurantDetailViewController.m */; };
		17DA5F001322C68300867B66 /* NearbyMapView.xib in Resources */ = {isa = PBXBuildFile; fileRef = 17DA5EFC1322C68300867B66 /* NearbyMapView.xib */; };
		17DA5F011322C68300867B66 /* NearbyMapViewController.m in Sources */ = {isa = PBXBuildFile; fileRef = 17DA5EFE1322C68300867B66 /* NearbyMapViewController.m */; };
		17DA5F0B1322C6DB00867B66 /* DishTableViewCell.xib in Resources */ = {isa = PBXBuildFile; fileRef = 17DA5F021322C6DB00867B66 /* DishTableViewCell.xib */; };
		17DA5F0C1322C6DB00867B66 /* DishTableViewController.m in Sources */ = {isa = PBXBuildFile; fileRef = 17DA5F041322C6DB00867B66 /* DishTableViewController.m */; };
		17DA5F0D1322C6DB00867B66 /* MyCLController.m in Sources */ = {isa = PBXBuildFile; fileRef = 17DA5F061322C6DB00867B66 /* MyCLController.m */; };
		17DA5F0E1322C6DB00867B66 /* RestaurantList.m in Sources */ = {isa = PBXBuildFile; fileRef = 17DA5F081322C6DB00867B66 /* RestaurantList.m */; };
		17DA5F0F1322C6DB00867B66 /* RestaurantList.xib in Resources */ = {isa = PBXBuildFile; fileRef = 17DA5F091322C6DB00867B66 /* RestaurantList.xib */; };
		17DA5F101322C6DB00867B66 /* RestaurantTableViewCell.xib in Resources */ = {isa = PBXBuildFile; fileRef = 17DA5F0A1322C6DB00867B66 /* RestaurantTableViewCell.xib */; };
		17DA5F141322C71900867B66 /* TopDishAppDelegate.m in Sources */ = {isa = PBXBuildFile; fileRef = 17DA5F131322C71900867B66 /* TopDishAppDelegate.m */; };
		17DA5F1A1322C76300867B66 /* DishDetailViewController.m in Sources */ = {isa = PBXBuildFile; fileRef = 17DA5F181322C76300867B66 /* DishDetailViewController.m */; };
		17DA5F1B1322C76300867B66 /* DishDetailViewController.xib in Resources */ = {isa = PBXBuildFile; fileRef = 17DA5F191322C76300867B66 /* DishDetailViewController.xib */; };
		17DA5F211322C78B00867B66 /* SettingsView1.m in Sources */ = {isa = PBXBuildFile; fileRef = 17DA5F1F1322C78B00867B66 /* SettingsView1.m */; };
		17DA5F221322C78B00867B66 /* SettingsView1.xib in Resources */ = {isa = PBXBuildFile; fileRef = 17DA5F201322C78B00867B66 /* SettingsView1.xib */; };
		17DA5F271322C7C500867B66 /* SegmentsController.m in Sources */ = {isa = PBXBuildFile; fileRef = 17DA5F261322C7C500867B66 /* SegmentsController.m */; };
		17DA5F2A1322C7FB00867B66 /* Reachability.m in Sources */ = {isa = PBXBuildFile; fileRef = 17DA5F291322C7FB00867B66 /* Reachability.m */; };
		17DA5F301322C82700867B66 /* NSArray+PerformSelector.m in Sources */ = {isa = PBXBuildFile; fileRef = 17DA5F2E1322C82700867B66 /* NSArray+PerformSelector.m */; };
		17DA605613230E8400867B66 /* 06-magnify.png in Resources */ = {isa = PBXBuildFile; fileRef = 17DA603513230E8400867B66 /* 06-magnify.png */; };
		17DA605713230E8400867B66 /* 111-user.png in Resources */ = {isa = PBXBuildFile; fileRef = 17DA603613230E8400867B66 /* 111-user.png */; };
		17DA605813230E8400867B66 /* add_dish_button.png in Resources */ = {isa = PBXBuildFile; fileRef = 17DA603713230E8400867B66 /* add_dish_button.png */; };
		17DA605913230E8400867B66 /* background_tile.png in Resources */ = {isa = PBXBuildFile; fileRef = 17DA603813230E8400867B66 /* background_tile.png */; };
		17DA605A13230E8400867B66 /* bestSort.png in Resources */ = {isa = PBXBuildFile; fileRef = 17DA603913230E8400867B66 /* bestSort.png */; };
		17DA605B13230E8400867B66 /* button_down_grey.png in Resources */ = {isa = PBXBuildFile; fileRef = 17DA603A13230E8400867B66 /* button_down_grey.png */; };
		17DA605C13230E8400867B66 /* button_up_grey.png in Resources */ = {isa = PBXBuildFile; fileRef = 17DA603B13230E8400867B66 /* button_up_grey.png */; };
		17DA605D13230E8400867B66 /* check.png in Resources */ = {isa = PBXBuildFile; fileRef = 17DA603C13230E8400867B66 /* check.png */; };
		17DA605E13230E8400867B66 /* circle_noboarder.png in Resources */ = {isa = PBXBuildFile; fileRef = 17DA603D13230E8400867B66 /* circle_noboarder.png */; };
		17DA605F13230E8400867B66 /* circle.png in Resources */ = {isa = PBXBuildFile; fileRef = 17DA603E13230E8400867B66 /* circle.png */; };
		17DA606013230E8400867B66 /* default_user_300x300.png in Resources */ = {isa = PBXBuildFile; fileRef = 17DA603F13230E8400867B66 /* default_user_300x300.png */; };
		17DA606113230E8400867B66 /* Default.png in Resources */ = {isa = PBXBuildFile; fileRef = 17DA604013230E8400867B66 /* Default.png */; };
		17DA606213230E8400867B66 /* DetailButtonImage.png in Resources */ = {isa = PBXBuildFile; fileRef = 17DA604113230E8400867B66 /* DetailButtonImage.png */; };
		17DA606313230E8400867B66 /* dishViewBoarder.png in Resources */ = {isa = PBXBuildFile; fileRef = 17DA604213230E8400867B66 /* dishViewBoarder.png */; };
		17DA606413230E8400867B66 /* distanceSort.png in Resources */ = {isa = PBXBuildFile; fileRef = 17DA604313230E8400867B66 /* distanceSort.png */; };
		17DA606513230E8400867B66 /* divider.png in Resources */ = {isa = PBXBuildFile; fileRef = 17DA604413230E8400867B66 /* divider.png */; };
		17DA606613230E8400867B66 /* filter_page_star.png in Resources */ = {isa = PBXBuildFile; fileRef = 17DA604513230E8400867B66 /* filter_page_star.png */; };
		17DA606813230E8400867B66 /* globe-1.png in Resources */ = {isa = PBXBuildFile; fileRef = 17DA604713230E8400867B66 /* globe-1.png */; };
		17DA606913230E8400867B66 /* Icon.png in Resources */ = {isa = PBXBuildFile; fileRef = 17DA604813230E8400867B66 /* Icon.png */; };
		17DA606A13230E8400867B66 /* Icon@2x.png in Resources */ = {isa = PBXBuildFile; fileRef = 17DA604913230E8400867B66 /* Icon@2x.png */; };
		17DA606B13230E8400867B66 /* login_gototopdish_button.png in Resources */ = {isa = PBXBuildFile; fileRef = 17DA604A13230E8400867B66 /* login_gototopdish_button.png */; };
		17DA606C13230E8400867B66 /* no_dish_img.png in Resources */ = {isa = PBXBuildFile; fileRef = 17DA604B13230E8400867B66 /* no_dish_img.png */; };
		17DA606D13230E8400867B66 /* noPicWares.png in Resources */ = {isa = PBXBuildFile; fileRef = 17DA604C13230E8400867B66 /* noPicWares.png */; };
		17DA606E13230E8400867B66 /* priceSort.png in Resources */ = {isa = PBXBuildFile; fileRef = 17DA604D13230E8400867B66 /* priceSort.png */; };
		17DA606F13230E8400867B66 /* quick_filter_button.png in Resources */ = {isa = PBXBuildFile; fileRef = 17DA604E13230E8400867B66 /* quick_filter_button.png */; };
		17DA607013230E8400867B66 /* resturant_back_no_boarder.png in Resources */ = {isa = PBXBuildFile; fileRef = 17DA604F13230E8400867B66 /* resturant_back_no_boarder.png */; };
		17DA607113230E8400867B66 /* resturant_back.png in Resources */ = {isa = PBXBuildFile; fileRef = 17DA605013230E8400867B66 /* resturant_back.png */; };
		17DA607213230E8400867B66 /* star.png in Resources */ = {isa = PBXBuildFile; fileRef = 17DA605113230E8400867B66 /* star.png */; };
		17DA607313230E8400867B66 /* submitadish_photo.png in Resources */ = {isa = PBXBuildFile; fileRef = 17DA605213230E8400867B66 /* submitadish_photo.png */; };
		17DA607413230E8400867B66 /* tdlogo.png in Resources */ = {isa = PBXBuildFile; fileRef = 17DA605313230E8400867B66 /* tdlogo.png */; };
		17DA607513230E8400867B66 /* white_back.png in Resources */ = {isa = PBXBuildFile; fileRef = 17DA605413230E8400867B66 /* white_back.png */; };
		17DA607613230E8400867B66 /* yesOrno_button.png in Resources */ = {isa = PBXBuildFile; fileRef = 17DA605513230E8400867B66 /* yesOrno_button.png */; };
		17DA607B13230EC000867B66 /* no_dish_img.jpg in Resources */ = {isa = PBXBuildFile; fileRef = 17DA607913230EC000867B66 /* no_dish_img.jpg */; };
		17DA607C13230EC000867B66 /* no_rest_img.jpg in Resources */ = {isa = PBXBuildFile; fileRef = 17DA607A13230EC000867B66 /* no_rest_img.jpg */; };
		17DA608313230F2200867B66 /* TopDish.xcdatamodeld in Sources */ = {isa = PBXBuildFile; fileRef = 17DA608013230F2200867B66 /* TopDish.xcdatamodeld */; };
		17DA608913230F7300867B66 /* greenup.gif in Resources */ = {isa = PBXBuildFile; fileRef = 17DA608613230F7300867B66 /* greenup.gif */; };
		17DA608A13230F7300867B66 /* red_flag.gif in Resources */ = {isa = PBXBuildFile; fileRef = 17DA608713230F7300867B66 /* red_flag.gif */; };
		17DA608B13230F7300867B66 /* reddown.gif in Resources */ = {isa = PBXBuildFile; fileRef = 17DA608813230F7300867B66 /* reddown.gif */; };
		17DA60961323101300867B66 /* Restaurant.m in Sources */ = {isa = PBXBuildFile; fileRef = 17DA60951323101300867B66 /* Restaurant.m */; };
		17DA60A71323103900867B66 /* User.m in Sources */ = {isa = PBXBuildFile; fileRef = 17DA60A11323103900867B66 /* User.m */; };
		17DA60A81323103900867B66 /* DishComment.m in Sources */ = {isa = PBXBuildFile; fileRef = 17DA60A31323103900867B66 /* DishComment.m */; };
		17DD270912BDBD860048C1A1 /* CFNetwork.framework in Frameworks */ = {isa = PBXBuildFile; fileRef = 17DD270812BDBD860048C1A1 /* CFNetwork.framework */; };
		17DD270B12BDBD930048C1A1 /* SystemConfiguration.framework in Frameworks */ = {isa = PBXBuildFile; fileRef = 17DD270A12BDBD930048C1A1 /* SystemConfiguration.framework */; };
		17DD270D12BDBD970048C1A1 /* MobileCoreServices.framework in Frameworks */ = {isa = PBXBuildFile; fileRef = 17DD270C12BDBD970048C1A1 /* MobileCoreServices.framework */; };
		17DD272B12BDBEC60048C1A1 /* libz.1.2.3.dylib in Frameworks */ = {isa = PBXBuildFile; fileRef = 17DD272A12BDBEC60048C1A1 /* libz.1.2.3.dylib */; };
		17E6820D12F7BD0B0010E6A9 /* NSObject+SBJSON.m in Sources */ = {isa = PBXBuildFile; fileRef = 17E681F812F7BD0B0010E6A9 /* NSObject+SBJSON.m */; };
		17E6820E12F7BD0B0010E6A9 /* NSString+SBJSON.m in Sources */ = {isa = PBXBuildFile; fileRef = 17E681FA12F7BD0B0010E6A9 /* NSString+SBJSON.m */; };
		17E6820F12F7BD0B0010E6A9 /* SBJSON.m in Sources */ = {isa = PBXBuildFile; fileRef = 17E681FC12F7BD0B0010E6A9 /* SBJSON.m */; };
		17E6821012F7BD0B0010E6A9 /* SBJsonBase.m in Sources */ = {isa = PBXBuildFile; fileRef = 17E681FE12F7BD0B0010E6A9 /* SBJsonBase.m */; };
		17E6821112F7BD0B0010E6A9 /* SBJsonParser.m in Sources */ = {isa = PBXBuildFile; fileRef = 17E6820012F7BD0B0010E6A9 /* SBJsonParser.m */; };
		17E6821212F7BD0B0010E6A9 /* SBJsonWriter.m in Sources */ = {isa = PBXBuildFile; fileRef = 17E6820212F7BD0B0010E6A9 /* SBJsonWriter.m */; };
		17FCDC531370FB86004EA4F9 /* DishTableViewCell.m in Sources */ = {isa = PBXBuildFile; fileRef = 17FCDC521370FB86004EA4F9 /* DishTableViewCell.m */; };
		17FCDDF913711125004EA4F9 /* RestaurantTableViewCell.m in Sources */ = {isa = PBXBuildFile; fileRef = 17FCDDF813711125004EA4F9 /* RestaurantTableViewCell.m */; };
		1D60589B0D05DD56006BFB54 /* main.m in Sources */ = {isa = PBXBuildFile; fileRef = 29B97316FDCFA39411CA2CEA /* main.m */; };
		1D60589F0D05DD5A006BFB54 /* Foundation.framework in Frameworks */ = {isa = PBXBuildFile; fileRef = 1D30AB110D05D00D00671497 /* Foundation.framework */; };
		1DF5F4E00D08C38300B7A737 /* UIKit.framework in Frameworks */ = {isa = PBXBuildFile; fileRef = 1DF5F4DF0D08C38300B7A737 /* UIKit.framework */; };
		28860BE50F44EE6400985440 /* CoreData.framework in Frameworks */ = {isa = PBXBuildFile; fileRef = 28860BE40F44EE6400985440 /* CoreData.framework */; };
		2892E4100DC94CBA00A64D0F /* CoreGraphics.framework in Frameworks */ = {isa = PBXBuildFile; fileRef = 2892E40F0DC94CBA00A64D0F /* CoreGraphics.framework */; };
		28AD73600D9D9599002E5188 /* MainWindow.xib in Resources */ = {isa = PBXBuildFile; fileRef = 28AD735F0D9D9599002E5188 /* MainWindow.xib */; };
		5F89F55A125C464900959D05 /* MapKit.framework in Frameworks */ = {isa = PBXBuildFile; fileRef = 5F89F559125C464900959D05 /* MapKit.framework */; };
		5F92A9AB126D4B53007D2451 /* CoreLocation.framework in Frameworks */ = {isa = PBXBuildFile; fileRef = 5F92A9AA126D4B53007D2451 /* CoreLocation.framework */; };
/* End PBXBuildFile section */

/* Begin PBXFileReference section */
		1714C3BB13778C3F009E1BDA /* MBProgressHUD.h */ = {isa = PBXFileReference; fileEncoding = 4; lastKnownFileType = sourcecode.c.h; name = MBProgressHUD.h; path = MBProgressHUD/MBProgressHUD.h; sourceTree = SOURCE_ROOT; };
		1714C3BC13778C3F009E1BDA /* MBProgressHUD.m */ = {isa = PBXFileReference; fileEncoding = 4; lastKnownFileType = sourcecode.c.objc; name = MBProgressHUD.m; path = MBProgressHUD/MBProgressHUD.m; sourceTree = SOURCE_ROOT; };
		17779FFF133060A600E3F4B9 /* RestaurantOrDishAnnotation.h */ = {isa = PBXFileReference; fileEncoding = 4; lastKnownFileType = sourcecode.c.h; path = RestaurantOrDishAnnotation.h; sourceTree = "<group>"; };
		1777A000133060A600E3F4B9 /* RestaurantOrDishAnnotation.m */ = {isa = PBXFileReference; fileEncoding = 4; lastKnownFileType = sourcecode.c.objc; path = RestaurantOrDishAnnotation.m; sourceTree = "<group>"; };
		1777A18913310A3B00E3F4B9 /* Dish.h */ = {isa = PBXFileReference; fileEncoding = 4; lastKnownFileType = sourcecode.c.h; path = Dish.h; sourceTree = "<group>"; };
		1777A18A13310A3B00E3F4B9 /* Dish.m */ = {isa = PBXFileReference; fileEncoding = 4; lastKnownFileType = sourcecode.c.objc; path = Dish.m; sourceTree = "<group>"; };
		1777A18B13310A3B00E3F4B9 /* ObjectWithImage.h */ = {isa = PBXFileReference; fileEncoding = 4; lastKnownFileType = sourcecode.c.h; path = ObjectWithImage.h; sourceTree = "<group>"; };
		1777A18C13310A3B00E3F4B9 /* ObjectWithImage.m */ = {isa = PBXFileReference; fileEncoding = 4; lastKnownFileType = sourcecode.c.objc; path = ObjectWithImage.m; sourceTree = "<group>"; };
		1792A82F136A65D10058B8B7 /* LeaveFeedbackViewController.h */ = {isa = PBXFileReference; fileEncoding = 4; lastKnownFileType = sourcecode.c.h; path = LeaveFeedbackViewController.h; sourceTree = "<group>"; };
		1792A830136A65D10058B8B7 /* LeaveFeedbackViewController.m */ = {isa = PBXFileReference; fileEncoding = 4; lastKnownFileType = sourcecode.c.objc; path = LeaveFeedbackViewController.m; sourceTree = "<group>"; };
		1792A831136A65D10058B8B7 /* LeaveFeedbackViewController.xib */ = {isa = PBXFileReference; lastKnownFileType = file.xib; path = LeaveFeedbackViewController.xib; sourceTree = "<group>"; };
		179A8DA3134C29B20072CAF0 /* LoginModalView.h */ = {isa = PBXFileReference; fileEncoding = 4; lastKnownFileType = sourcecode.c.h; path = LoginModalView.h; sourceTree = "<group>"; };
		179A8DA4134C29B20072CAF0 /* LoginModalView.m */ = {isa = PBXFileReference; fileEncoding = 4; lastKnownFileType = sourcecode.c.objc; path = LoginModalView.m; sourceTree = "<group>"; };
		179A8DA5134C29B20072CAF0 /* LoginModalView.xib */ = {isa = PBXFileReference; lastKnownFileType = file.xib; path = LoginModalView.xib; sourceTree = "<group>"; };
		17A5187313A303E400D47A3B /* filter.png */ = {isa = PBXFileReference; lastKnownFileType = image.png; name = filter.png; path = images/filter.png; sourceTree = "<group>"; };
		17A5188B13A3067C00D47A3B /* filter_on.png */ = {isa = PBXFileReference; lastKnownFileType = image.png; name = filter_on.png; path = images/filter_on.png; sourceTree = "<group>"; };
		17A518FA13A312AB00D47A3B /* CommentDetailViewController.h */ = {isa = PBXFileReference; fileEncoding = 4; lastKnownFileType = sourcecode.c.h; path = CommentDetailViewController.h; sourceTree = "<group>"; };
		17A518FB13A312AB00D47A3B /* CommentDetailViewController.m */ = {isa = PBXFileReference; fileEncoding = 4; lastKnownFileType = sourcecode.c.objc; path = CommentDetailViewController.m; sourceTree = "<group>"; };
		17A518FC13A312AB00D47A3B /* CommentDetailViewController.xib */ = {isa = PBXFileReference; lastKnownFileType = file.xib; path = CommentDetailViewController.xib; sourceTree = "<group>"; };
		17A519ED13A33D0400D47A3B /* FeedbackStringProcessor.h */ = {isa = PBXFileReference; fileEncoding = 4; lastKnownFileType = sourcecode.c.h; path = FeedbackStringProcessor.h; sourceTree = "<group>"; };
		17A519EE13A33D0400D47A3B /* FeedbackStringProcessor.m */ = {isa = PBXFileReference; fileEncoding = 4; lastKnownFileType = sourcecode.c.objc; path = FeedbackStringProcessor.m; sourceTree = "<group>"; };
		17A51DC213A545FE00D47A3B /* TermsAndConditionsViewController.h */ = {isa = PBXFileReference; fileEncoding = 4; lastKnownFileType = sourcecode.c.h; path = TermsAndConditionsViewController.h; sourceTree = "<group>"; };
		17A51DC313A545FE00D47A3B /* TermsAndConditionsViewController.m */ = {isa = PBXFileReference; fileEncoding = 4; lastKnownFileType = sourcecode.c.objc; path = TermsAndConditionsViewController.m; sourceTree = "<group>"; };
		17A51DC413A545FE00D47A3B /* TermsAndConditionsViewController.xib */ = {isa = PBXFileReference; lastKnownFileType = file.xib; path = TermsAndConditionsViewController.xib; sourceTree = "<group>"; };
		17A636811352795C00ED8842 /* CustomNSURLConnection.h */ = {isa = PBXFileReference; fileEncoding = 4; lastKnownFileType = sourcecode.c.h; path = CustomNSURLConnection.h; sourceTree = "<group>"; };
		17A636821352795C00ED8842 /* CustomNSURLConnection.m */ = {isa = PBXFileReference; fileEncoding = 4; lastKnownFileType = sourcecode.c.objc; path = CustomNSURLConnection.m; sourceTree = "<group>"; };
		17A637951352AB3C00ED8842 /* thumbsup.jpg */ = {isa = PBXFileReference; lastKnownFileType = image.jpeg; path = thumbsup.jpg; sourceTree = "<group>"; };
		17A637971352AB4300ED8842 /* thumbsdown.jpg */ = {isa = PBXFileReference; lastKnownFileType = image.jpeg; path = thumbsdown.jpg; sourceTree = "<group>"; };
		17A64B8813613E6900ED8842 /* Security.framework */ = {isa = PBXFileReference; lastKnownFileType = wrapper.framework; name = Security.framework; path = System/Library/Frameworks/Security.framework; sourceTree = SDKROOT; };
		17A8A4E2137B9EAC002C5FBB /* DistanceUpdator.h */ = {isa = PBXFileReference; fileEncoding = 4; lastKnownFileType = sourcecode.c.h; path = DistanceUpdator.h; sourceTree = "<group>"; };
		17A8A4E3137B9EAC002C5FBB /* DistanceUpdator.m */ = {isa = PBXFileReference; fileEncoding = 4; lastKnownFileType = sourcecode.c.objc; path = DistanceUpdator.m; sourceTree = "<group>"; };
		17BBAFD71301AC2400705F1A /* CommentsCell.xib */ = {isa = PBXFileReference; lastKnownFileType = file.xib; path = CommentsCell.xib; sourceTree = "<group>"; };
		17C4A5B613353E7E005D950B /* IncomingProcessor.h */ = {isa = PBXFileReference; fileEncoding = 4; lastKnownFileType = sourcecode.c.h; name = IncomingProcessor.h; path = lib/IncomingProcessor.h; sourceTree = "<group>"; };
		17C4A5B713353E7E005D950B /* IncomingProcessor.m */ = {isa = PBXFileReference; fileEncoding = 4; lastKnownFileType = sourcecode.c.objc; name = IncomingProcessor.m; path = lib/IncomingProcessor.m; sourceTree = "<group>"; };
		17CAB696138B684000CF2F00 /* googleButton.png */ = {isa = PBXFileReference; lastKnownFileType = image.png; path = googleButton.png; sourceTree = "<group>"; };
		17DA5E341322BEDA00867B66 /* Facebook.h */ = {isa = PBXFileReference; fileEncoding = 4; lastKnownFileType = sourcecode.c.h; name = Facebook.h; path = lib/FBConnect/Facebook.h; sourceTree = "<group>"; };
		17DA5E351322BEDA00867B66 /* Facebook.m */ = {isa = PBXFileReference; fileEncoding = 4; lastKnownFileType = sourcecode.c.objc; name = Facebook.m; path = lib/FBConnect/Facebook.m; sourceTree = "<group>"; };
		17DA5E361322BEDA00867B66 /* FBConnect.bundle */ = {isa = PBXFileReference; lastKnownFileType = "wrapper.plug-in"; name = FBConnect.bundle; path = lib/FBConnect/FBConnect.bundle; sourceTree = "<group>"; };
		17DA5E371322BEDA00867B66 /* FBConnect.h */ = {isa = PBXFileReference; fileEncoding = 4; lastKnownFileType = sourcecode.c.h; name = FBConnect.h; path = lib/FBConnect/FBConnect.h; sourceTree = "<group>"; };
		17DA5E381322BEDA00867B66 /* FBDialog.bundle */ = {isa = PBXFileReference; lastKnownFileType = "wrapper.plug-in"; name = FBDialog.bundle; path = lib/FBConnect/FBDialog.bundle; sourceTree = "<group>"; };
		17DA5E391322BEDA00867B66 /* FBDialog.h */ = {isa = PBXFileReference; fileEncoding = 4; lastKnownFileType = sourcecode.c.h; name = FBDialog.h; path = lib/FBConnect/FBDialog.h; sourceTree = "<group>"; };
		17DA5E3A1322BEDA00867B66 /* FBDialog.m */ = {isa = PBXFileReference; fileEncoding = 4; lastKnownFileType = sourcecode.c.objc; name = FBDialog.m; path = lib/FBConnect/FBDialog.m; sourceTree = "<group>"; };
		17DA5E3B1322BEDA00867B66 /* FBLoginButton.h */ = {isa = PBXFileReference; fileEncoding = 4; lastKnownFileType = sourcecode.c.h; name = FBLoginButton.h; path = lib/FBConnect/FBLoginButton.h; sourceTree = "<group>"; };
		17DA5E3C1322BEDA00867B66 /* FBLoginButton.m */ = {isa = PBXFileReference; fileEncoding = 4; lastKnownFileType = sourcecode.c.objc; name = FBLoginButton.m; path = lib/FBConnect/FBLoginButton.m; sourceTree = "<group>"; };
		17DA5E3D1322BEDA00867B66 /* FBLoginDialog.h */ = {isa = PBXFileReference; fileEncoding = 4; lastKnownFileType = sourcecode.c.h; name = FBLoginDialog.h; path = lib/FBConnect/FBLoginDialog.h; sourceTree = "<group>"; };
		17DA5E3E1322BEDA00867B66 /* FBLoginDialog.m */ = {isa = PBXFileReference; fileEncoding = 4; lastKnownFileType = sourcecode.c.objc; name = FBLoginDialog.m; path = lib/FBConnect/FBLoginDialog.m; sourceTree = "<group>"; };
		17DA5E3F1322BEDA00867B66 /* FBRequest.h */ = {isa = PBXFileReference; fileEncoding = 4; lastKnownFileType = sourcecode.c.h; name = FBRequest.h; path = lib/FBConnect/FBRequest.h; sourceTree = "<group>"; };
		17DA5E401322BEDA00867B66 /* FBRequest.m */ = {isa = PBXFileReference; fileEncoding = 4; lastKnownFileType = sourcecode.c.objc; name = FBRequest.m; path = lib/FBConnect/FBRequest.m; sourceTree = "<group>"; };
		17DA5E611322BF2500867B66 /* ASIAuthenticationDialog.h */ = {isa = PBXFileReference; fileEncoding = 4; lastKnownFileType = sourcecode.c.h; name = ASIAuthenticationDialog.h; path = lib/ASINetwork/ASIAuthenticationDialog.h; sourceTree = "<group>"; };
		17DA5E621322BF2500867B66 /* ASIAuthenticationDialog.m */ = {isa = PBXFileReference; fileEncoding = 4; lastKnownFileType = sourcecode.c.objc; name = ASIAuthenticationDialog.m; path = lib/ASINetwork/ASIAuthenticationDialog.m; sourceTree = "<group>"; };
		17DA5E631322BF2500867B66 /* ASICacheDelegate.h */ = {isa = PBXFileReference; fileEncoding = 4; lastKnownFileType = sourcecode.c.h; name = ASICacheDelegate.h; path = lib/ASINetwork/ASICacheDelegate.h; sourceTree = "<group>"; };
		17DA5E641322BF2500867B66 /* ASIDataCompressor.h */ = {isa = PBXFileReference; fileEncoding = 4; lastKnownFileType = sourcecode.c.h; name = ASIDataCompressor.h; path = lib/ASINetwork/ASIDataCompressor.h; sourceTree = "<group>"; };
		17DA5E651322BF2500867B66 /* ASIDataCompressor.m */ = {isa = PBXFileReference; fileEncoding = 4; lastKnownFileType = sourcecode.c.objc; name = ASIDataCompressor.m; path = lib/ASINetwork/ASIDataCompressor.m; sourceTree = "<group>"; };
		17DA5E661322BF2500867B66 /* ASIDataDecompressor.h */ = {isa = PBXFileReference; fileEncoding = 4; lastKnownFileType = sourcecode.c.h; name = ASIDataDecompressor.h; path = lib/ASINetwork/ASIDataDecompressor.h; sourceTree = "<group>"; };
		17DA5E671322BF2500867B66 /* ASIDataDecompressor.m */ = {isa = PBXFileReference; fileEncoding = 4; lastKnownFileType = sourcecode.c.objc; name = ASIDataDecompressor.m; path = lib/ASINetwork/ASIDataDecompressor.m; sourceTree = "<group>"; };
		17DA5E681322BF2500867B66 /* ASIDownloadCache.h */ = {isa = PBXFileReference; fileEncoding = 4; lastKnownFileType = sourcecode.c.h; name = ASIDownloadCache.h; path = lib/ASINetwork/ASIDownloadCache.h; sourceTree = "<group>"; };
		17DA5E691322BF2500867B66 /* ASIDownloadCache.m */ = {isa = PBXFileReference; fileEncoding = 4; lastKnownFileType = sourcecode.c.objc; name = ASIDownloadCache.m; path = lib/ASINetwork/ASIDownloadCache.m; sourceTree = "<group>"; };
		17DA5E6A1322BF2500867B66 /* ASIFormDataRequest.h */ = {isa = PBXFileReference; fileEncoding = 4; lastKnownFileType = sourcecode.c.h; name = ASIFormDataRequest.h; path = lib/ASINetwork/ASIFormDataRequest.h; sourceTree = "<group>"; };
		17DA5E6B1322BF2500867B66 /* ASIFormDataRequest.m */ = {isa = PBXFileReference; fileEncoding = 4; lastKnownFileType = sourcecode.c.objc; name = ASIFormDataRequest.m; path = lib/ASINetwork/ASIFormDataRequest.m; sourceTree = "<group>"; };
		17DA5E6C1322BF2500867B66 /* ASIHTTPRequest.h */ = {isa = PBXFileReference; fileEncoding = 4; lastKnownFileType = sourcecode.c.h; name = ASIHTTPRequest.h; path = lib/ASINetwork/ASIHTTPRequest.h; sourceTree = "<group>"; };
		17DA5E6D1322BF2500867B66 /* ASIHTTPRequest.m */ = {isa = PBXFileReference; fileEncoding = 4; lastKnownFileType = sourcecode.c.objc; name = ASIHTTPRequest.m; path = lib/ASINetwork/ASIHTTPRequest.m; sourceTree = "<group>"; };
		17DA5E6E1322BF2500867B66 /* ASIHTTPRequestConfig.h */ = {isa = PBXFileReference; fileEncoding = 4; lastKnownFileType = sourcecode.c.h; name = ASIHTTPRequestConfig.h; path = lib/ASINetwork/ASIHTTPRequestConfig.h; sourceTree = "<group>"; };
		17DA5E6F1322BF2500867B66 /* ASIHTTPRequestDelegate.h */ = {isa = PBXFileReference; fileEncoding = 4; lastKnownFileType = sourcecode.c.h; name = ASIHTTPRequestDelegate.h; path = lib/ASINetwork/ASIHTTPRequestDelegate.h; sourceTree = "<group>"; };
		17DA5E701322BF2500867B66 /* ASIInputStream.h */ = {isa = PBXFileReference; fileEncoding = 4; lastKnownFileType = sourcecode.c.h; name = ASIInputStream.h; path = lib/ASINetwork/ASIInputStream.h; sourceTree = "<group>"; };
		17DA5E711322BF2500867B66 /* ASIInputStream.m */ = {isa = PBXFileReference; fileEncoding = 4; lastKnownFileType = sourcecode.c.objc; name = ASIInputStream.m; path = lib/ASINetwork/ASIInputStream.m; sourceTree = "<group>"; };
		17DA5E721322BF2500867B66 /* ASINetworkQueue.h */ = {isa = PBXFileReference; fileEncoding = 4; lastKnownFileType = sourcecode.c.h; name = ASINetworkQueue.h; path = lib/ASINetwork/ASINetworkQueue.h; sourceTree = "<group>"; };
		17DA5E731322BF2500867B66 /* ASINetworkQueue.m */ = {isa = PBXFileReference; fileEncoding = 4; lastKnownFileType = sourcecode.c.objc; name = ASINetworkQueue.m; path = lib/ASINetwork/ASINetworkQueue.m; sourceTree = "<group>"; };
		17DA5E741322BF2500867B66 /* ASIProgressDelegate.h */ = {isa = PBXFileReference; fileEncoding = 4; lastKnownFileType = sourcecode.c.h; name = ASIProgressDelegate.h; path = lib/ASINetwork/ASIProgressDelegate.h; sourceTree = "<group>"; };
		17DA5EA01322BF7700867B66 /* AppModel.h */ = {isa = PBXFileReference; fileEncoding = 4; lastKnownFileType = sourcecode.c.h; name = AppModel.h; path = model/AppModel.h; sourceTree = "<group>"; };
		17DA5EA11322BF7700867B66 /* AppModel.m */ = {isa = PBXFileReference; fileEncoding = 4; lastKnownFileType = sourcecode.c.objc; name = AppModel.m; path = model/AppModel.m; sourceTree = "<group>"; };
		17DA5EAF1322C05200867B66 /* AccountView.h */ = {isa = PBXFileReference; fileEncoding = 4; lastKnownFileType = sourcecode.c.h; name = AccountView.h; path = Views/AccountSettings/AccountViews/AccountView.h; sourceTree = "<group>"; };
		17DA5EB01322C05200867B66 /* AccountView.m */ = {isa = PBXFileReference; fileEncoding = 4; lastKnownFileType = sourcecode.c.objc; name = AccountView.m; path = Views/AccountSettings/AccountViews/AccountView.m; sourceTree = "<group>"; };
		17DA5EB11322C05200867B66 /* AccountView.xib */ = {isa = PBXFileReference; lastKnownFileType = file.xib; name = AccountView.xib; path = Views/AccountSettings/AccountViews/AccountView.xib; sourceTree = "<group>"; };
		17DA5ECA1322C57000867B66 /* AddADishViewController.h */ = {isa = PBXFileReference; fileEncoding = 4; lastKnownFileType = sourcecode.c.h; name = AddADishViewController.h; path = Classes/Views/RateDishView/AddADishViewController.h; sourceTree = "<group>"; };
		17DA5ECB1322C57000867B66 /* AddADishViewController.m */ = {isa = PBXFileReference; fileEncoding = 4; lastKnownFileType = sourcecode.c.objc; name = AddADishViewController.m; path = Classes/Views/RateDishView/AddADishViewController.m; sourceTree = "<group>"; };
		17DA5ECC1322C57000867B66 /* AddADishViewController.xib */ = {isa = PBXFileReference; lastKnownFileType = file.xib; name = AddADishViewController.xib; path = Classes/Views/RateDishView/AddADishViewController.xib; sourceTree = "<group>"; };
		17DA5ECF1322C57000867B66 /* RateADishViewController.h */ = {isa = PBXFileReference; fileEncoding = 4; lastKnownFileType = sourcecode.c.h; name = RateADishViewController.h; path = Classes/Views/RateDishView/RateADishViewController.h; sourceTree = "<group>"; };
		17DA5ED01322C57000867B66 /* RateADishViewController.m */ = {isa = PBXFileReference; fileEncoding = 4; lastKnownFileType = sourcecode.c.objc; name = RateADishViewController.m; path = Classes/Views/RateDishView/RateADishViewController.m; sourceTree = "<group>"; };
		17DA5ED11322C57000867B66 /* RateADishViewController.xib */ = {isa = PBXFileReference; lastKnownFileType = file.xib; name = RateADishViewController.xib; path = Classes/Views/RateDishView/RateADishViewController.xib; sourceTree = "<group>"; };
		17DA5EDD1322C5FD00867B66 /* RestaurantAnnotation.h */ = {isa = PBXFileReference; fileEncoding = 4; lastKnownFileType = sourcecode.c.h; name = RestaurantAnnotation.h; path = Views/RestaurantDetailView/RestaurantAnnotation.h; sourceTree = "<group>"; };
		17DA5EDE1322C5FD00867B66 /* RestaurantAnnotation.m */ = {isa = PBXFileReference; fileEncoding = 4; lastKnownFileType = sourcecode.c.objc; name = RestaurantAnnotation.m; path = Views/RestaurantDetailView/RestaurantAnnotation.m; sourceTree = "<group>"; };
		17DA5EDF1322C5FD00867B66 /* RestaurantDetailView.xib */ = {isa = PBXFileReference; lastKnownFileType = file.xib; name = RestaurantDetailView.xib; path = Views/RestaurantDetailView/RestaurantDetailView.xib; sourceTree = "<group>"; };
		17DA5EE01322C5FD00867B66 /* RestaurantDetailViewController.h */ = {isa = PBXFileReference; fileEncoding = 4; lastKnownFileType = sourcecode.c.h; name = RestaurantDetailViewController.h; path = Views/RestaurantDetailView/RestaurantDetailViewController.h; sourceTree = "<group>"; };
		17DA5EE11322C5FD00867B66 /* RestaurantDetailViewController.m */ = {isa = PBXFileReference; fileEncoding = 4; lastKnownFileType = sourcecode.c.objc; name = RestaurantDetailViewController.m; path = Views/RestaurantDetailView/RestaurantDetailViewController.m; sourceTree = "<group>"; };
		17DA5EFC1322C68300867B66 /* NearbyMapView.xib */ = {isa = PBXFileReference; lastKnownFileType = file.xib; name = NearbyMapView.xib; path = Views/NearbyMapView/NearbyMapView.xib; sourceTree = "<group>"; };
		17DA5EFD1322C68300867B66 /* NearbyMapViewController.h */ = {isa = PBXFileReference; fileEncoding = 4; lastKnownFileType = sourcecode.c.h; name = NearbyMapViewController.h; path = Views/NearbyMapView/NearbyMapViewController.h; sourceTree = "<group>"; };
		17DA5EFE1322C68300867B66 /* NearbyMapViewController.m */ = {isa = PBXFileReference; fileEncoding = 4; lastKnownFileType = sourcecode.c.objc; name = NearbyMapViewController.m; path = Views/NearbyMapView/NearbyMapViewController.m; sourceTree = "<group>"; };
		17DA5F021322C6DB00867B66 /* DishTableViewCell.xib */ = {isa = PBXFileReference; lastKnownFileType = file.xib; name = DishTableViewCell.xib; path = Views/MainView/DishTableViewCell.xib; sourceTree = "<group>"; };
		17DA5F031322C6DB00867B66 /* DishTableViewController.h */ = {isa = PBXFileReference; fileEncoding = 4; lastKnownFileType = sourcecode.c.h; name = DishTableViewController.h; path = Views/MainView/DishTableViewController.h; sourceTree = "<group>"; };
		17DA5F041322C6DB00867B66 /* DishTableViewController.m */ = {isa = PBXFileReference; fileEncoding = 4; lastKnownFileType = sourcecode.c.objc; name = DishTableViewController.m; path = Views/MainView/DishTableViewController.m; sourceTree = "<group>"; };
		17DA5F051322C6DB00867B66 /* MyCLController.h */ = {isa = PBXFileReference; fileEncoding = 4; lastKnownFileType = sourcecode.c.h; name = MyCLController.h; path = Views/MainView/MyCLController.h; sourceTree = "<group>"; };
		17DA5F061322C6DB00867B66 /* MyCLController.m */ = {isa = PBXFileReference; fileEncoding = 4; lastKnownFileType = sourcecode.c.objc; name = MyCLController.m; path = Views/MainView/MyCLController.m; sourceTree = "<group>"; };
		17DA5F071322C6DB00867B66 /* RestaurantList.h */ = {isa = PBXFileReference; fileEncoding = 4; lastKnownFileType = sourcecode.c.h; name = RestaurantList.h; path = Views/MainView/RestaurantList.h; sourceTree = "<group>"; };
		17DA5F081322C6DB00867B66 /* RestaurantList.m */ = {isa = PBXFileReference; fileEncoding = 4; lastKnownFileType = sourcecode.c.objc; name = RestaurantList.m; path = Views/MainView/RestaurantList.m; sourceTree = "<group>"; };
		17DA5F091322C6DB00867B66 /* RestaurantList.xib */ = {isa = PBXFileReference; lastKnownFileType = file.xib; name = RestaurantList.xib; path = Views/MainView/RestaurantList.xib; sourceTree = "<group>"; };
		17DA5F0A1322C6DB00867B66 /* RestaurantTableViewCell.xib */ = {isa = PBXFileReference; lastKnownFileType = file.xib; name = RestaurantTableViewCell.xib; path = Views/MainView/RestaurantTableViewCell.xib; sourceTree = "<group>"; };
		17DA5F111322C71900867B66 /* constants.h */ = {isa = PBXFileReference; fileEncoding = 4; lastKnownFileType = sourcecode.c.h; name = constants.h; path = model/constants.h; sourceTree = "<group>"; };
		17DA5F121322C71900867B66 /* TopDishAppDelegate.h */ = {isa = PBXFileReference; fileEncoding = 4; lastKnownFileType = sourcecode.c.h; name = TopDishAppDelegate.h; path = model/TopDishAppDelegate.h; sourceTree = "<group>"; };
		17DA5F131322C71900867B66 /* TopDishAppDelegate.m */ = {isa = PBXFileReference; fileEncoding = 4; lastKnownFileType = sourcecode.c.objc; name = TopDishAppDelegate.m; path = model/TopDishAppDelegate.m; sourceTree = "<group>"; };
		17DA5F171322C76300867B66 /* DishDetailViewController.h */ = {isa = PBXFileReference; fileEncoding = 4; lastKnownFileType = sourcecode.c.h; name = DishDetailViewController.h; path = Views/DishDetailView/DishDetailViewController.h; sourceTree = "<group>"; };
		17DA5F181322C76300867B66 /* DishDetailViewController.m */ = {isa = PBXFileReference; fileEncoding = 4; lastKnownFileType = sourcecode.c.objc; name = DishDetailViewController.m; path = Views/DishDetailView/DishDetailViewController.m; sourceTree = "<group>"; };
		17DA5F191322C76300867B66 /* DishDetailViewController.xib */ = {isa = PBXFileReference; lastKnownFileType = file.xib; name = DishDetailViewController.xib; path = Views/DishDetailView/DishDetailViewController.xib; sourceTree = "<group>"; };
		17DA5F1E1322C78B00867B66 /* SettingsView1.h */ = {isa = PBXFileReference; fileEncoding = 4; lastKnownFileType = sourcecode.c.h; name = SettingsView1.h; path = Views/SettingsView/SettingsView1.h; sourceTree = "<group>"; };
		17DA5F1F1322C78B00867B66 /* SettingsView1.m */ = {isa = PBXFileReference; fileEncoding = 4; lastKnownFileType = sourcecode.c.objc; name = SettingsView1.m; path = Views/SettingsView/SettingsView1.m; sourceTree = "<group>"; };
		17DA5F201322C78B00867B66 /* SettingsView1.xib */ = {isa = PBXFileReference; lastKnownFileType = file.xib; name = SettingsView1.xib; path = Views/SettingsView/SettingsView1.xib; sourceTree = "<group>"; };
		17DA5F251322C7C500867B66 /* SegmentsController.h */ = {isa = PBXFileReference; fileEncoding = 4; lastKnownFileType = sourcecode.c.h; name = SegmentsController.h; path = Views/MainView/SegmentsController.h; sourceTree = "<group>"; };
		17DA5F261322C7C500867B66 /* SegmentsController.m */ = {isa = PBXFileReference; fileEncoding = 4; lastKnownFileType = sourcecode.c.objc; name = SegmentsController.m; path = Views/MainView/SegmentsController.m; sourceTree = "<group>"; };
		17DA5F281322C7FB00867B66 /* Reachability.h */ = {isa = PBXFileReference; fileEncoding = 4; lastKnownFileType = sourcecode.c.h; name = Reachability.h; path = lib/ASINetwork/Reachability.h; sourceTree = "<group>"; };
		17DA5F291322C7FB00867B66 /* Reachability.m */ = {isa = PBXFileReference; fileEncoding = 4; lastKnownFileType = sourcecode.c.objc; name = Reachability.m; path = lib/ASINetwork/Reachability.m; sourceTree = "<group>"; };
		17DA5F2D1322C82700867B66 /* NSArray+PerformSelector.h */ = {isa = PBXFileReference; fileEncoding = 4; lastKnownFileType = sourcecode.c.h; name = "NSArray+PerformSelector.h"; path = "lib/NSArray+PerformSelector.h"; sourceTree = "<group>"; };
		17DA5F2E1322C82700867B66 /* NSArray+PerformSelector.m */ = {isa = PBXFileReference; fileEncoding = 4; lastKnownFileType = sourcecode.c.objc; name = "NSArray+PerformSelector.m"; path = "lib/NSArray+PerformSelector.m"; sourceTree = "<group>"; };
		17DA603513230E8400867B66 /* 06-magnify.png */ = {isa = PBXFileReference; lastKnownFileType = image.png; name = "06-magnify.png"; path = "images/06-magnify.png"; sourceTree = "<group>"; };
		17DA603613230E8400867B66 /* 111-user.png */ = {isa = PBXFileReference; lastKnownFileType = image.png; name = "111-user.png"; path = "images/111-user.png"; sourceTree = "<group>"; };
		17DA603713230E8400867B66 /* add_dish_button.png */ = {isa = PBXFileReference; lastKnownFileType = image.png; name = add_dish_button.png; path = images/add_dish_button.png; sourceTree = "<group>"; };
		17DA603813230E8400867B66 /* background_tile.png */ = {isa = PBXFileReference; lastKnownFileType = image.png; name = background_tile.png; path = images/background_tile.png; sourceTree = "<group>"; };
		17DA603913230E8400867B66 /* bestSort.png */ = {isa = PBXFileReference; lastKnownFileType = image.png; name = bestSort.png; path = images/bestSort.png; sourceTree = "<group>"; };
		17DA603A13230E8400867B66 /* button_down_grey.png */ = {isa = PBXFileReference; lastKnownFileType = image.png; name = button_down_grey.png; path = images/button_down_grey.png; sourceTree = "<group>"; };
		17DA603B13230E8400867B66 /* button_up_grey.png */ = {isa = PBXFileReference; lastKnownFileType = image.png; name = button_up_grey.png; path = images/button_up_grey.png; sourceTree = "<group>"; };
		17DA603C13230E8400867B66 /* check.png */ = {isa = PBXFileReference; lastKnownFileType = image.png; name = check.png; path = images/check.png; sourceTree = "<group>"; };
		17DA603D13230E8400867B66 /* circle_noboarder.png */ = {isa = PBXFileReference; lastKnownFileType = image.png; name = circle_noboarder.png; path = images/circle_noboarder.png; sourceTree = "<group>"; };
		17DA603E13230E8400867B66 /* circle.png */ = {isa = PBXFileReference; lastKnownFileType = image.png; name = circle.png; path = images/circle.png; sourceTree = "<group>"; };
		17DA603F13230E8400867B66 /* default_user_300x300.png */ = {isa = PBXFileReference; lastKnownFileType = image.png; name = default_user_300x300.png; path = images/default_user_300x300.png; sourceTree = "<group>"; };
		17DA604013230E8400867B66 /* Default.png */ = {isa = PBXFileReference; lastKnownFileType = image.png; name = Default.png; path = images/Default.png; sourceTree = "<group>"; };
		17DA604113230E8400867B66 /* DetailButtonImage.png */ = {isa = PBXFileReference; lastKnownFileType = image.png; name = DetailButtonImage.png; path = images/DetailButtonImage.png; sourceTree = "<group>"; };
		17DA604213230E8400867B66 /* dishViewBoarder.png */ = {isa = PBXFileReference; lastKnownFileType = image.png; name = dishViewBoarder.png; path = images/dishViewBoarder.png; sourceTree = "<group>"; };
		17DA604313230E8400867B66 /* distanceSort.png */ = {isa = PBXFileReference; lastKnownFileType = image.png; name = distanceSort.png; path = images/distanceSort.png; sourceTree = "<group>"; };
		17DA604413230E8400867B66 /* divider.png */ = {isa = PBXFileReference; lastKnownFileType = image.png; name = divider.png; path = images/divider.png; sourceTree = "<group>"; };
		17DA604513230E8400867B66 /* filter_page_star.png */ = {isa = PBXFileReference; lastKnownFileType = image.png; name = filter_page_star.png; path = images/filter_page_star.png; sourceTree = "<group>"; };
		17DA604713230E8400867B66 /* globe-1.png */ = {isa = PBXFileReference; lastKnownFileType = image.png; name = "globe-1.png"; path = "images/globe-1.png"; sourceTree = "<group>"; };
		17DA604813230E8400867B66 /* Icon.png */ = {isa = PBXFileReference; lastKnownFileType = image.png; name = Icon.png; path = images/Icon.png; sourceTree = "<group>"; };
		17DA604913230E8400867B66 /* Icon@2x.png */ = {isa = PBXFileReference; lastKnownFileType = image.png; name = "Icon@2x.png"; path = "images/Icon@2x.png"; sourceTree = "<group>"; };
		17DA604A13230E8400867B66 /* login_gototopdish_button.png */ = {isa = PBXFileReference; lastKnownFileType = image.png; name = login_gototopdish_button.png; path = images/login_gototopdish_button.png; sourceTree = "<group>"; };
		17DA604B13230E8400867B66 /* no_dish_img.png */ = {isa = PBXFileReference; lastKnownFileType = image.png; name = no_dish_img.png; path = images/no_dish_img.png; sourceTree = "<group>"; };
		17DA604C13230E8400867B66 /* noPicWares.png */ = {isa = PBXFileReference; lastKnownFileType = image.png; name = noPicWares.png; path = images/noPicWares.png; sourceTree = "<group>"; };
		17DA604D13230E8400867B66 /* priceSort.png */ = {isa = PBXFileReference; lastKnownFileType = image.png; name = priceSort.png; path = images/priceSort.png; sourceTree = "<group>"; };
		17DA604E13230E8400867B66 /* quick_filter_button.png */ = {isa = PBXFileReference; lastKnownFileType = image.png; name = quick_filter_button.png; path = images/quick_filter_button.png; sourceTree = "<group>"; };
		17DA604F13230E8400867B66 /* resturant_back_no_boarder.png */ = {isa = PBXFileReference; lastKnownFileType = image.png; name = resturant_back_no_boarder.png; path = images/resturant_back_no_boarder.png; sourceTree = "<group>"; };
		17DA605013230E8400867B66 /* resturant_back.png */ = {isa = PBXFileReference; lastKnownFileType = image.png; name = resturant_back.png; path = images/resturant_back.png; sourceTree = "<group>"; };
		17DA605113230E8400867B66 /* star.png */ = {isa = PBXFileReference; lastKnownFileType = image.png; name = star.png; path = images/star.png; sourceTree = "<group>"; };
		17DA605213230E8400867B66 /* submitadish_photo.png */ = {isa = PBXFileReference; lastKnownFileType = image.png; name = submitadish_photo.png; path = images/submitadish_photo.png; sourceTree = "<group>"; };
		17DA605313230E8400867B66 /* tdlogo.png */ = {isa = PBXFileReference; lastKnownFileType = image.png; name = tdlogo.png; path = images/tdlogo.png; sourceTree = "<group>"; };
		17DA605413230E8400867B66 /* white_back.png */ = {isa = PBXFileReference; lastKnownFileType = image.png; name = white_back.png; path = images/white_back.png; sourceTree = "<group>"; };
		17DA605513230E8400867B66 /* yesOrno_button.png */ = {isa = PBXFileReference; lastKnownFileType = image.png; name = yesOrno_button.png; path = images/yesOrno_button.png; sourceTree = "<group>"; };
		17DA607913230EC000867B66 /* no_dish_img.jpg */ = {isa = PBXFileReference; lastKnownFileType = image.jpeg; name = no_dish_img.jpg; path = images/no_dish_img.jpg; sourceTree = "<group>"; };
		17DA607A13230EC000867B66 /* no_rest_img.jpg */ = {isa = PBXFileReference; lastKnownFileType = image.jpeg; name = no_rest_img.jpg; path = images/no_rest_img.jpg; sourceTree = "<group>"; };
		17DA608113230F2200867B66 /* TopDish 2.xcdatamodel */ = {isa = PBXFileReference; fileEncoding = 4; lastKnownFileType = wrapper.xcdatamodel; path = "TopDish 2.xcdatamodel"; sourceTree = "<group>"; };
		17DA608213230F2200867B66 /* TopDish.xcdatamodel */ = {isa = PBXFileReference; fileEncoding = 4; lastKnownFileType = wrapper.xcdatamodel; path = TopDish.xcdatamodel; sourceTree = "<group>"; };
		17DA608613230F7300867B66 /* greenup.gif */ = {isa = PBXFileReference; lastKnownFileType = image.gif; name = greenup.gif; path = images/greenup.gif; sourceTree = "<group>"; };
		17DA608713230F7300867B66 /* red_flag.gif */ = {isa = PBXFileReference; lastKnownFileType = image.gif; name = red_flag.gif; path = images/red_flag.gif; sourceTree = "<group>"; };
		17DA608813230F7300867B66 /* reddown.gif */ = {isa = PBXFileReference; lastKnownFileType = image.gif; name = reddown.gif; path = images/reddown.gif; sourceTree = "<group>"; };
		17DA60941323101300867B66 /* Restaurant.h */ = {isa = PBXFileReference; fileEncoding = 4; lastKnownFileType = sourcecode.c.h; path = Restaurant.h; sourceTree = "<group>"; };
		17DA60951323101300867B66 /* Restaurant.m */ = {isa = PBXFileReference; fileEncoding = 4; lastKnownFileType = sourcecode.c.objc; path = Restaurant.m; sourceTree = "<group>"; };
		17DA60A01323103900867B66 /* User.h */ = {isa = PBXFileReference; fileEncoding = 4; lastKnownFileType = sourcecode.c.h; path = User.h; sourceTree = "<group>"; };
		17DA60A11323103900867B66 /* User.m */ = {isa = PBXFileReference; fileEncoding = 4; lastKnownFileType = sourcecode.c.objc; path = User.m; sourceTree = "<group>"; };
		17DA60A21323103900867B66 /* DishComment.h */ = {isa = PBXFileReference; fileEncoding = 4; lastKnownFileType = sourcecode.c.h; path = DishComment.h; sourceTree = "<group>"; };
		17DA60A31323103900867B66 /* DishComment.m */ = {isa = PBXFileReference; fileEncoding = 4; lastKnownFileType = sourcecode.c.objc; path = DishComment.m; sourceTree = "<group>"; };
		17DD270812BDBD860048C1A1 /* CFNetwork.framework */ = {isa = PBXFileReference; lastKnownFileType = wrapper.framework; name = CFNetwork.framework; path = System/Library/Frameworks/CFNetwork.framework; sourceTree = SDKROOT; };
		17DD270A12BDBD930048C1A1 /* SystemConfiguration.framework */ = {isa = PBXFileReference; lastKnownFileType = wrapper.framework; name = SystemConfiguration.framework; path = System/Library/Frameworks/SystemConfiguration.framework; sourceTree = SDKROOT; };
		17DD270C12BDBD970048C1A1 /* MobileCoreServices.framework */ = {isa = PBXFileReference; lastKnownFileType = wrapper.framework; name = MobileCoreServices.framework; path = System/Library/Frameworks/MobileCoreServices.framework; sourceTree = SDKROOT; };
		17DD272A12BDBEC60048C1A1 /* libz.1.2.3.dylib */ = {isa = PBXFileReference; lastKnownFileType = "compiled.mach-o.dylib"; name = libz.1.2.3.dylib; path = usr/lib/libz.1.2.3.dylib; sourceTree = SDKROOT; };
		17E681F612F7BD0B0010E6A9 /* JSON.h */ = {isa = PBXFileReference; fileEncoding = 4; lastKnownFileType = sourcecode.c.h; path = JSON.h; sourceTree = "<group>"; };
		17E681F712F7BD0B0010E6A9 /* NSObject+SBJSON.h */ = {isa = PBXFileReference; fileEncoding = 4; lastKnownFileType = sourcecode.c.h; path = "NSObject+SBJSON.h"; sourceTree = "<group>"; };
		17E681F812F7BD0B0010E6A9 /* NSObject+SBJSON.m */ = {isa = PBXFileReference; fileEncoding = 4; lastKnownFileType = sourcecode.c.objc; path = "NSObject+SBJSON.m"; sourceTree = "<group>"; };
		17E681F912F7BD0B0010E6A9 /* NSString+SBJSON.h */ = {isa = PBXFileReference; fileEncoding = 4; lastKnownFileType = sourcecode.c.h; path = "NSString+SBJSON.h"; sourceTree = "<group>"; };
		17E681FA12F7BD0B0010E6A9 /* NSString+SBJSON.m */ = {isa = PBXFileReference; fileEncoding = 4; lastKnownFileType = sourcecode.c.objc; path = "NSString+SBJSON.m"; sourceTree = "<group>"; };
		17E681FB12F7BD0B0010E6A9 /* SBJSON.h */ = {isa = PBXFileReference; fileEncoding = 4; lastKnownFileType = sourcecode.c.h; path = SBJSON.h; sourceTree = "<group>"; };
		17E681FC12F7BD0B0010E6A9 /* SBJSON.m */ = {isa = PBXFileReference; fileEncoding = 4; lastKnownFileType = sourcecode.c.objc; path = SBJSON.m; sourceTree = "<group>"; };
		17E681FD12F7BD0B0010E6A9 /* SBJsonBase.h */ = {isa = PBXFileReference; fileEncoding = 4; lastKnownFileType = sourcecode.c.h; path = SBJsonBase.h; sourceTree = "<group>"; };
		17E681FE12F7BD0B0010E6A9 /* SBJsonBase.m */ = {isa = PBXFileReference; fileEncoding = 4; lastKnownFileType = sourcecode.c.objc; path = SBJsonBase.m; sourceTree = "<group>"; };
		17E681FF12F7BD0B0010E6A9 /* SBJsonParser.h */ = {isa = PBXFileReference; fileEncoding = 4; lastKnownFileType = sourcecode.c.h; path = SBJsonParser.h; sourceTree = "<group>"; };
		17E6820012F7BD0B0010E6A9 /* SBJsonParser.m */ = {isa = PBXFileReference; fileEncoding = 4; lastKnownFileType = sourcecode.c.objc; path = SBJsonParser.m; sourceTree = "<group>"; };
		17E6820112F7BD0B0010E6A9 /* SBJsonWriter.h */ = {isa = PBXFileReference; fileEncoding = 4; lastKnownFileType = sourcecode.c.h; path = SBJsonWriter.h; sourceTree = "<group>"; };
		17E6820212F7BD0B0010E6A9 /* SBJsonWriter.m */ = {isa = PBXFileReference; fileEncoding = 4; lastKnownFileType = sourcecode.c.objc; path = SBJsonWriter.m; sourceTree = "<group>"; };
		17FCDC511370FB86004EA4F9 /* DishTableViewCell.h */ = {isa = PBXFileReference; fileEncoding = 4; lastKnownFileType = sourcecode.c.h; path = DishTableViewCell.h; sourceTree = "<group>"; };
		17FCDC521370FB86004EA4F9 /* DishTableViewCell.m */ = {isa = PBXFileReference; fileEncoding = 4; lastKnownFileType = sourcecode.c.objc; path = DishTableViewCell.m; sourceTree = "<group>"; };
		17FCDDF713711125004EA4F9 /* RestaurantTableViewCell.h */ = {isa = PBXFileReference; fileEncoding = 4; lastKnownFileType = sourcecode.c.h; path = RestaurantTableViewCell.h; sourceTree = "<group>"; };
		17FCDDF813711125004EA4F9 /* RestaurantTableViewCell.m */ = {isa = PBXFileReference; fileEncoding = 4; lastKnownFileType = sourcecode.c.objc; path = RestaurantTableViewCell.m; sourceTree = "<group>"; };
		1D30AB110D05D00D00671497 /* Foundation.framework */ = {isa = PBXFileReference; lastKnownFileType = wrapper.framework; name = Foundation.framework; path = System/Library/Frameworks/Foundation.framework; sourceTree = SDKROOT; };
		1D6058910D05DD3D006BFB54 /* TopDish.app */ = {isa = PBXFileReference; explicitFileType = wrapper.application; includeInIndex = 0; path = TopDish.app; sourceTree = BUILT_PRODUCTS_DIR; };
		1DF5F4DF0D08C38300B7A737 /* UIKit.framework */ = {isa = PBXFileReference; lastKnownFileType = wrapper.framework; name = UIKit.framework; path = System/Library/Frameworks/UIKit.framework; sourceTree = SDKROOT; };
		28860BE40F44EE6400985440 /* CoreData.framework */ = {isa = PBXFileReference; lastKnownFileType = wrapper.framework; name = CoreData.framework; path = System/Library/Frameworks/CoreData.framework; sourceTree = SDKROOT; };
		2892E40F0DC94CBA00A64D0F /* CoreGraphics.framework */ = {isa = PBXFileReference; lastKnownFileType = wrapper.framework; name = CoreGraphics.framework; path = System/Library/Frameworks/CoreGraphics.framework; sourceTree = SDKROOT; };
		28A0AAE50D9B0CCF005BE974 /* TopDish_Prefix.pch */ = {isa = PBXFileReference; fileEncoding = 4; lastKnownFileType = sourcecode.c.h; path = TopDish_Prefix.pch; sourceTree = "<group>"; };
		28AD735F0D9D9599002E5188 /* MainWindow.xib */ = {isa = PBXFileReference; lastKnownFileType = file.xib; path = MainWindow.xib; sourceTree = "<group>"; };
		29B97316FDCFA39411CA2CEA /* main.m */ = {isa = PBXFileReference; fileEncoding = 4; lastKnownFileType = sourcecode.c.objc; path = main.m; sourceTree = "<group>"; };
		5F89F559125C464900959D05 /* MapKit.framework */ = {isa = PBXFileReference; lastKnownFileType = wrapper.framework; name = MapKit.framework; path = System/Library/Frameworks/MapKit.framework; sourceTree = SDKROOT; };
		5F92A9AA126D4B53007D2451 /* CoreLocation.framework */ = {isa = PBXFileReference; lastKnownFileType = wrapper.framework; name = CoreLocation.framework; path = System/Library/Frameworks/CoreLocation.framework; sourceTree = SDKROOT; };
		8D1107310486CEB800E47090 /* TopDish-Info.plist */ = {isa = PBXFileReference; fileEncoding = 4; lastKnownFileType = text.plist.xml; path = "TopDish-Info.plist"; plistStructureDefinitionIdentifier = "com.apple.xcode.plist.structure-definition.iphone.info-plist"; sourceTree = "<group>"; };
/* End PBXFileReference section */

/* Begin PBXFrameworksBuildPhase section */
		1D60588F0D05DD3D006BFB54 /* Frameworks */ = {
			isa = PBXFrameworksBuildPhase;
			buildActionMask = 2147483647;
			files = (
				1D60589F0D05DD5A006BFB54 /* Foundation.framework in Frameworks */,
				1DF5F4E00D08C38300B7A737 /* UIKit.framework in Frameworks */,
				2892E4100DC94CBA00A64D0F /* CoreGraphics.framework in Frameworks */,
				28860BE50F44EE6400985440 /* CoreData.framework in Frameworks */,
				5F89F55A125C464900959D05 /* MapKit.framework in Frameworks */,
				5F92A9AB126D4B53007D2451 /* CoreLocation.framework in Frameworks */,
				17DD270912BDBD860048C1A1 /* CFNetwork.framework in Frameworks */,
				17DD270B12BDBD930048C1A1 /* SystemConfiguration.framework in Frameworks */,
				17DD270D12BDBD970048C1A1 /* MobileCoreServices.framework in Frameworks */,
				17DD272B12BDBEC60048C1A1 /* libz.1.2.3.dylib in Frameworks */,
				17A64B8913613E6900ED8842 /* Security.framework in Frameworks */,
			);
			runOnlyForDeploymentPostprocessing = 0;
		};
/* End PBXFrameworksBuildPhase section */

/* Begin PBXGroup section */
		080E96DDFE201D6D7F000001 /* Classes */ = {
			isa = PBXGroup;
			children = (
				176A9EE812E2648900CC595C /* Model */,
				5F89F594125C4A0B00959D05 /* Views */,
				5F89EFAF125930A300959D05 /* lib */,
			);
			path = Classes;
			sourceTree = "<group>";
		};
		1714C3B713778C32009E1BDA /* MBProgressHUD */ = {
			isa = PBXGroup;
			children = (
				1714C3BB13778C3F009E1BDA /* MBProgressHUD.h */,
				1714C3BC13778C3F009E1BDA /* MBProgressHUD.m */,
			);
			name = MBProgressHUD;
			sourceTree = "<group>";
		};
		176A9EE812E2648900CC595C /* Model */ = {
			isa = PBXGroup;
			children = (
				17DA5F111322C71900867B66 /* constants.h */,
				17DA5F121322C71900867B66 /* TopDishAppDelegate.h */,
				17DA5F131322C71900867B66 /* TopDishAppDelegate.m */,
				17DA5EA01322BF7700867B66 /* AppModel.h */,
				17DA5EA11322BF7700867B66 /* AppModel.m */,
				17DA608013230F2200867B66 /* TopDish.xcdatamodeld */,
			);
			name = Model;
			sourceTree = "<group>";
		};
		177902A8136E3719002431E0 /* AsyncImageView */ = {
			isa = PBXGroup;
			children = (
			);
			name = AsyncImageView;
			sourceTree = "<group>";
		};
		1792A82E136A65C20058B8B7 /* Feedback */ = {
			isa = PBXGroup;
			children = (
				17A519ED13A33D0400D47A3B /* FeedbackStringProcessor.h */,
				17A519EE13A33D0400D47A3B /* FeedbackStringProcessor.m */,
				1792A82F136A65D10058B8B7 /* LeaveFeedbackViewController.h */,
				1792A830136A65D10058B8B7 /* LeaveFeedbackViewController.m */,
				1792A831136A65D10058B8B7 /* LeaveFeedbackViewController.xib */,
			);
			name = Feedback;
			sourceTree = "<group>";
		};
		17AE80B612DA7204007B96EC /* AccountViews */ = {
			isa = PBXGroup;
			children = (
				1792A82E136A65C20058B8B7 /* Feedback */,
				17DA5EAF1322C05200867B66 /* AccountView.h */,
				17DA5EB01322C05200867B66 /* AccountView.m */,
				17DA5EB11322C05200867B66 /* AccountView.xib */,
			);
			name = AccountViews;
			sourceTree = "<group>";
		};
		17B48AD512A0337700F43202 /* RestaurantDetailView */ = {
			isa = PBXGroup;
			children = (
				17DA5EDD1322C5FD00867B66 /* RestaurantAnnotation.h */,
				17DA5EDE1322C5FD00867B66 /* RestaurantAnnotation.m */,
				17DA5EDF1322C5FD00867B66 /* RestaurantDetailView.xib */,
				17DA5EE01322C5FD00867B66 /* RestaurantDetailViewController.h */,
				17DA5EE11322C5FD00867B66 /* RestaurantDetailViewController.m */,
			);
			name = RestaurantDetailView;
			sourceTree = "<group>";
		};
		17DD26D212BDBBEB0048C1A1 /* ASINetwork */ = {
			isa = PBXGroup;
			children = (
				17DA5E611322BF2500867B66 /* ASIAuthenticationDialog.h */,
				17DA5E621322BF2500867B66 /* ASIAuthenticationDialog.m */,
				17DA5E631322BF2500867B66 /* ASICacheDelegate.h */,
				17DA5E641322BF2500867B66 /* ASIDataCompressor.h */,
				17DA5E651322BF2500867B66 /* ASIDataCompressor.m */,
				17DA5E661322BF2500867B66 /* ASIDataDecompressor.h */,
				17DA5E671322BF2500867B66 /* ASIDataDecompressor.m */,
				17DA5E681322BF2500867B66 /* ASIDownloadCache.h */,
				17DA5E691322BF2500867B66 /* ASIDownloadCache.m */,
				17DA5E6A1322BF2500867B66 /* ASIFormDataRequest.h */,
				17DA5E6B1322BF2500867B66 /* ASIFormDataRequest.m */,
				17DA5E6C1322BF2500867B66 /* ASIHTTPRequest.h */,
				17DA5E6D1322BF2500867B66 /* ASIHTTPRequest.m */,
				17DA5E6E1322BF2500867B66 /* ASIHTTPRequestConfig.h */,
				17DA5E6F1322BF2500867B66 /* ASIHTTPRequestDelegate.h */,
				17DA5E701322BF2500867B66 /* ASIInputStream.h */,
				17DA5E711322BF2500867B66 /* ASIInputStream.m */,
				17DA5E721322BF2500867B66 /* ASINetworkQueue.h */,
				17DA5E731322BF2500867B66 /* ASINetworkQueue.m */,
				17DA5E741322BF2500867B66 /* ASIProgressDelegate.h */,
				17DA5F281322C7FB00867B66 /* Reachability.h */,
				17DA5F291322C7FB00867B66 /* Reachability.m */,
			);
			name = ASINetwork;
			sourceTree = "<group>";
		};
		17DE013912B43EEB001F6907 /* RateDishView */ = {
			isa = PBXGroup;
			children = (
				17DA5ECA1322C57000867B66 /* AddADishViewController.h */,
				17DA5ECB1322C57000867B66 /* AddADishViewController.m */,
				17DA5ECC1322C57000867B66 /* AddADishViewController.xib */,
				17DA5ECF1322C57000867B66 /* RateADishViewController.h */,
				17DA5ED01322C57000867B66 /* RateADishViewController.m */,
				17DA5ED11322C57000867B66 /* RateADishViewController.xib */,
			);
			name = RateDishView;
			path = ..;
			sourceTree = "<group>";
		};
		17E681F312F7BD0B0010E6A9 /* FBConnect */ = {
			isa = PBXGroup;
			children = (
				17DA5E341322BEDA00867B66 /* Facebook.h */,
				17DA5E351322BEDA00867B66 /* Facebook.m */,
				17DA5E361322BEDA00867B66 /* FBConnect.bundle */,
				17DA5E371322BEDA00867B66 /* FBConnect.h */,
				17DA5E381322BEDA00867B66 /* FBDialog.bundle */,
				17DA5E391322BEDA00867B66 /* FBDialog.h */,
				17DA5E3A1322BEDA00867B66 /* FBDialog.m */,
				17DA5E3B1322BEDA00867B66 /* FBLoginButton.h */,
				17DA5E3C1322BEDA00867B66 /* FBLoginButton.m */,
				17DA5E3D1322BEDA00867B66 /* FBLoginDialog.h */,
				17DA5E3E1322BEDA00867B66 /* FBLoginDialog.m */,
				17DA5E3F1322BEDA00867B66 /* FBRequest.h */,
				17DA5E401322BEDA00867B66 /* FBRequest.m */,
				17E681F512F7BD0B0010E6A9 /* JSON */,
			);
			name = FBConnect;
			sourceTree = "<group>";
		};
		17E681F512F7BD0B0010E6A9 /* JSON */ = {
			isa = PBXGroup;
			children = (
				17E681F612F7BD0B0010E6A9 /* JSON.h */,
				17E681F712F7BD0B0010E6A9 /* NSObject+SBJSON.h */,
				17E681F812F7BD0B0010E6A9 /* NSObject+SBJSON.m */,
				17E681F912F7BD0B0010E6A9 /* NSString+SBJSON.h */,
				17E681FA12F7BD0B0010E6A9 /* NSString+SBJSON.m */,
				17E681FB12F7BD0B0010E6A9 /* SBJSON.h */,
				17E681FC12F7BD0B0010E6A9 /* SBJSON.m */,
				17E681FD12F7BD0B0010E6A9 /* SBJsonBase.h */,
				17E681FE12F7BD0B0010E6A9 /* SBJsonBase.m */,
				17E681FF12F7BD0B0010E6A9 /* SBJsonParser.h */,
				17E6820012F7BD0B0010E6A9 /* SBJsonParser.m */,
				17E6820112F7BD0B0010E6A9 /* SBJsonWriter.h */,
				17E6820212F7BD0B0010E6A9 /* SBJsonWriter.m */,
			);
			path = JSON;
			sourceTree = "<group>";
		};
		17EEB69D12D9A2720032E12B /* AccountSettings */ = {
			isa = PBXGroup;
			children = (
				179A8DA3134C29B20072CAF0 /* LoginModalView.h */,
				179A8DA4134C29B20072CAF0 /* LoginModalView.m */,
				179A8DA5134C29B20072CAF0 /* LoginModalView.xib */,
				17AE80B612DA7204007B96EC /* AccountViews */,
				17A51DC213A545FE00D47A3B /* TermsAndConditionsViewController.h */,
				17A51DC313A545FE00D47A3B /* TermsAndConditionsViewController.m */,
				17A51DC413A545FE00D47A3B /* TermsAndConditionsViewController.xib */,
			);
			name = AccountSettings;
			sourceTree = "<group>";
		};
		19C28FACFE9D520D11CA2CBB /* Products */ = {
			isa = PBXGroup;
			children = (
				1D6058910D05DD3D006BFB54 /* TopDish.app */,
			);
			name = Products;
			sourceTree = "<group>";
		};
		29B97314FDCFA39411CA2CEA /* CustomTemplate */ = {
			isa = PBXGroup;
			children = (
				5F89F595125C4A1A00959D05 /* Nibs */,
				080E96DDFE201D6D7F000001 /* Classes */,
				29B97315FDCFA39411CA2CEA /* Other Sources */,
				29B97317FDCFA39411CA2CEA /* Resources */,
				29B97323FDCFA39411CA2CEA /* Frameworks */,
				19C28FACFE9D520D11CA2CBB /* Products */,
				17DD270812BDBD860048C1A1 /* CFNetwork.framework */,
				17DD270A12BDBD930048C1A1 /* SystemConfiguration.framework */,
				17DD270C12BDBD970048C1A1 /* MobileCoreServices.framework */,
				17DD272A12BDBEC60048C1A1 /* libz.1.2.3.dylib */,
				17BBAFD71301AC2400705F1A /* CommentsCell.xib */,
			);
			name = CustomTemplate;
			sourceTree = "<group>";
		};
		29B97315FDCFA39411CA2CEA /* Other Sources */ = {
			isa = PBXGroup;
			children = (
				28A0AAE50D9B0CCF005BE974 /* TopDish_Prefix.pch */,
				29B97316FDCFA39411CA2CEA /* main.m */,
			);
			name = "Other Sources";
			sourceTree = "<group>";
		};
		29B97317FDCFA39411CA2CEA /* Resources */ = {
			isa = PBXGroup;
			children = (
				5F89F15E125951FE00959D05 /* images */,
				8D1107310486CEB800E47090 /* TopDish-Info.plist */,
			);
			name = Resources;
			sourceTree = "<group>";
		};
		29B97323FDCFA39411CA2CEA /* Frameworks */ = {
			isa = PBXGroup;
			children = (
				5F89F559125C464900959D05 /* MapKit.framework */,
				1DF5F4DF0D08C38300B7A737 /* UIKit.framework */,
				1D30AB110D05D00D00671497 /* Foundation.framework */,
				2892E40F0DC94CBA00A64D0F /* CoreGraphics.framework */,
				28860BE40F44EE6400985440 /* CoreData.framework */,
				5F92A9AA126D4B53007D2451 /* CoreLocation.framework */,
				17A64B8813613E6900ED8842 /* Security.framework */,
			);
			name = Frameworks;
			sourceTree = "<group>";
		};
		5F08956912641F0000EDE197 /* SettingsView */ = {
			isa = PBXGroup;
			children = (
				17DA5F1E1322C78B00867B66 /* SettingsView1.h */,
				17DA5F1F1322C78B00867B66 /* SettingsView1.m */,
				17DA5F201322C78B00867B66 /* SettingsView1.xib */,
			);
			name = SettingsView;
			sourceTree = "<group>";
		};
		5F89EFAF125930A300959D05 /* lib */ = {
			isa = PBXGroup;
			children = (
				17A8A4E2137B9EAC002C5FBB /* DistanceUpdator.h */,
				17A8A4E3137B9EAC002C5FBB /* DistanceUpdator.m */,
				1714C3B713778C32009E1BDA /* MBProgressHUD */,
				177902A8136E3719002431E0 /* AsyncImageView */,
				17DD26D212BDBBEB0048C1A1 /* ASINetwork */,
				17E681F312F7BD0B0010E6A9 /* FBConnect */,
				17DA5F2D1322C82700867B66 /* NSArray+PerformSelector.h */,
				17DA5F2E1322C82700867B66 /* NSArray+PerformSelector.m */,
				17C4A5B613353E7E005D950B /* IncomingProcessor.h */,
				17C4A5B713353E7E005D950B /* IncomingProcessor.m */,
			);
			name = lib;
			sourceTree = "<group>";
		};
		5F89F15E125951FE00959D05 /* images */ = {
			isa = PBXGroup;
			children = (
				17A5187313A303E400D47A3B /* filter.png */,
				17A5188B13A3067C00D47A3B /* filter_on.png */,
				17CAB696138B684000CF2F00 /* googleButton.png */,
				17DA603513230E8400867B66 /* 06-magnify.png */,
				17DA603613230E8400867B66 /* 111-user.png */,
				17DA603713230E8400867B66 /* add_dish_button.png */,
				17DA603813230E8400867B66 /* background_tile.png */,
				17A637951352AB3C00ED8842 /* thumbsup.jpg */,
				17A637971352AB4300ED8842 /* thumbsdown.jpg */,
				17DA603913230E8400867B66 /* bestSort.png */,
				17DA603A13230E8400867B66 /* button_down_grey.png */,
				17DA603B13230E8400867B66 /* button_up_grey.png */,
				17DA603C13230E8400867B66 /* check.png */,
				17DA603D13230E8400867B66 /* circle_noboarder.png */,
				17DA603E13230E8400867B66 /* circle.png */,
				17DA603F13230E8400867B66 /* default_user_300x300.png */,
				17DA604013230E8400867B66 /* Default.png */,
				17DA604113230E8400867B66 /* DetailButtonImage.png */,
				17DA604213230E8400867B66 /* dishViewBoarder.png */,
				17DA604313230E8400867B66 /* distanceSort.png */,
				17DA604413230E8400867B66 /* divider.png */,
				17DA604513230E8400867B66 /* filter_page_star.png */,
				17DA604713230E8400867B66 /* globe-1.png */,
				17DA604813230E8400867B66 /* Icon.png */,
				17DA604913230E8400867B66 /* Icon@2x.png */,
				17DA604A13230E8400867B66 /* login_gototopdish_button.png */,
				17DA604B13230E8400867B66 /* no_dish_img.png */,
				17DA604C13230E8400867B66 /* noPicWares.png */,
				17DA604D13230E8400867B66 /* priceSort.png */,
				17DA604E13230E8400867B66 /* quick_filter_button.png */,
				17DA604F13230E8400867B66 /* resturant_back_no_boarder.png */,
				17DA605013230E8400867B66 /* resturant_back.png */,
				17DA605113230E8400867B66 /* star.png */,
				17DA605213230E8400867B66 /* submitadish_photo.png */,
				17DA605313230E8400867B66 /* tdlogo.png */,
				17DA605413230E8400867B66 /* white_back.png */,
				17DA605513230E8400867B66 /* yesOrno_button.png */,
				17DA607913230EC000867B66 /* no_dish_img.jpg */,
				17DA607A13230EC000867B66 /* no_rest_img.jpg */,
				17DA608613230F7300867B66 /* greenup.gif */,
				17DA608713230F7300867B66 /* red_flag.gif */,
				17DA608813230F7300867B66 /* reddown.gif */,
			);
			name = images;
			sourceTree = "<group>";
		};
		5F89F594125C4A0B00959D05 /* Views */ = {
			isa = PBXGroup;
			children = (
				17EEB69D12D9A2720032E12B /* AccountSettings */,
				17DE013912B43EEB001F6907 /* RateDishView */,
				17B48AD512A0337700F43202 /* RestaurantDetailView */,
				5F08956912641F0000EDE197 /* SettingsView */,
				5FBB975E1262423C00141693 /* DishDetailView */,
				5FBB975D1262420600141693 /* NearbyMapView */,
				5FBB975C126241F100141693 /* MainView */,
			);
			name = Views;
			sourceTree = "<group>";
		};
		5F89F595125C4A1A00959D05 /* Nibs */ = {
			isa = PBXGroup;
			children = (
				28AD735F0D9D9599002E5188 /* MainWindow.xib */,
			);
			name = Nibs;
			sourceTree = "<group>";
		};
		5FBB975C126241F100141693 /* MainView */ = {
			isa = PBXGroup;
			children = (
				17FCDDF713711125004EA4F9 /* RestaurantTableViewCell.h */,
				17FCDDF813711125004EA4F9 /* RestaurantTableViewCell.m */,
				17FCDC511370FB86004EA4F9 /* DishTableViewCell.h */,
				17FCDC521370FB86004EA4F9 /* DishTableViewCell.m */,
				17DA5F251322C7C500867B66 /* SegmentsController.h */,
				17DA5F261322C7C500867B66 /* SegmentsController.m */,
				17DA5F021322C6DB00867B66 /* DishTableViewCell.xib */,
				17DA5F031322C6DB00867B66 /* DishTableViewController.h */,
				17DA5F041322C6DB00867B66 /* DishTableViewController.m */,
				17DA5F051322C6DB00867B66 /* MyCLController.h */,
				17DA5F061322C6DB00867B66 /* MyCLController.m */,
				17DA5F071322C6DB00867B66 /* RestaurantList.h */,
				17DA5F081322C6DB00867B66 /* RestaurantList.m */,
				17DA5F091322C6DB00867B66 /* RestaurantList.xib */,
				17DA5F0A1322C6DB00867B66 /* RestaurantTableViewCell.xib */,
				17A636811352795C00ED8842 /* CustomNSURLConnection.h */,
				17A636821352795C00ED8842 /* CustomNSURLConnection.m */,
			);
			name = MainView;
			sourceTree = "<group>";
		};
		5FBB975D1262420600141693 /* NearbyMapView */ = {
			isa = PBXGroup;
			children = (
				17779FFF133060A600E3F4B9 /* RestaurantOrDishAnnotation.h */,
				1777A000133060A600E3F4B9 /* RestaurantOrDishAnnotation.m */,
				17DA5EFC1322C68300867B66 /* NearbyMapView.xib */,
				17DA5EFD1322C68300867B66 /* NearbyMapViewController.h */,
				17DA5EFE1322C68300867B66 /* NearbyMapViewController.m */,
			);
			name = NearbyMapView;
			sourceTree = "<group>";
		};
		5FBB975E1262423C00141693 /* DishDetailView */ = {
			isa = PBXGroup;
			children = (
				17DA5F171322C76300867B66 /* DishDetailViewController.h */,
				17DA5F181322C76300867B66 /* DishDetailViewController.m */,
				17DA5F191322C76300867B66 /* DishDetailViewController.xib */,
				17A518FA13A312AB00D47A3B /* CommentDetailViewController.h */,
				17A518FB13A312AB00D47A3B /* CommentDetailViewController.m */,
				17A518FC13A312AB00D47A3B /* CommentDetailViewController.xib */,
			);
			name = DishDetailView;
			sourceTree = "<group>";
		};
/* End PBXGroup section */

/* Begin PBXNativeTarget section */
		1D6058900D05DD3D006BFB54 /* TopDish */ = {
			isa = PBXNativeTarget;
			buildConfigurationList = 1D6058960D05DD3E006BFB54 /* Build configuration list for PBXNativeTarget "TopDish" */;
			buildPhases = (
				1D60588D0D05DD3D006BFB54 /* Resources */,
				1D60588E0D05DD3D006BFB54 /* Sources */,
				1D60588F0D05DD3D006BFB54 /* Frameworks */,
			);
			buildRules = (
			);
			dependencies = (
			);
			name = TopDish;
			productName = TopDish;
			productReference = 1D6058910D05DD3D006BFB54 /* TopDish.app */;
			productType = "com.apple.product-type.application";
		};
/* End PBXNativeTarget section */

/* Begin PBXProject section */
		29B97313FDCFA39411CA2CEA /* Project object */ = {
			isa = PBXProject;
			buildConfigurationList = C01FCF4E08A954540054247B /* Build configuration list for PBXProject "TopDish" */;
			compatibilityVersion = "Xcode 3.2";
			developmentRegion = English;
			hasScannedForEncodings = 1;
			knownRegions = (
				English,
				Japanese,
				French,
				German,
				en,
			);
			mainGroup = 29B97314FDCFA39411CA2CEA /* CustomTemplate */;
			projectDirPath = "";
			projectRoot = "";
			targets = (
				1D6058900D05DD3D006BFB54 /* TopDish */,
			);
		};
/* End PBXProject section */

/* Begin PBXResourcesBuildPhase section */
		1D60588D0D05DD3D006BFB54 /* Resources */ = {
			isa = PBXResourcesBuildPhase;
			buildActionMask = 2147483647;
			files = (
				28AD73600D9D9599002E5188 /* MainWindow.xib in Resources */,
				17BBAFD81301AC2400705F1A /* CommentsCell.xib in Resources */,
				17DA5E421322BEDA00867B66 /* FBConnect.bundle in Resources */,
				17DA5E431322BEDA00867B66 /* FBDialog.bundle in Resources */,
				17DA5EB31322C05200867B66 /* AccountView.xib in Resources */,
				17DA5ED31322C57000867B66 /* AddADishViewController.xib in Resources */,
				17DA5ED61322C57000867B66 /* RateADishViewController.xib in Resources */,
				17DA5EE31322C5FD00867B66 /* RestaurantDetailView.xib in Resources */,
				17DA5F001322C68300867B66 /* NearbyMapView.xib in Resources */,
				17DA5F0B1322C6DB00867B66 /* DishTableViewCell.xib in Resources */,
				17DA5F0F1322C6DB00867B66 /* RestaurantList.xib in Resources */,
				17DA5F101322C6DB00867B66 /* RestaurantTableViewCell.xib in Resources */,
				17DA5F1B1322C76300867B66 /* DishDetailViewController.xib in Resources */,
				17DA5F221322C78B00867B66 /* SettingsView1.xib in Resources */,
				17DA605613230E8400867B66 /* 06-magnify.png in Resources */,
				17DA605713230E8400867B66 /* 111-user.png in Resources */,
				17DA605813230E8400867B66 /* add_dish_button.png in Resources */,
				17DA605913230E8400867B66 /* background_tile.png in Resources */,
				17DA605A13230E8400867B66 /* bestSort.png in Resources */,
				17DA605B13230E8400867B66 /* button_down_grey.png in Resources */,
				17DA605C13230E8400867B66 /* button_up_grey.png in Resources */,
				17DA605D13230E8400867B66 /* check.png in Resources */,
				17DA605E13230E8400867B66 /* circle_noboarder.png in Resources */,
				17DA605F13230E8400867B66 /* circle.png in Resources */,
				17DA606013230E8400867B66 /* default_user_300x300.png in Resources */,
				17DA606113230E8400867B66 /* Default.png in Resources */,
				17DA606213230E8400867B66 /* DetailButtonImage.png in Resources */,
				17DA606313230E8400867B66 /* dishViewBoarder.png in Resources */,
				17DA606413230E8400867B66 /* distanceSort.png in Resources */,
				17DA606513230E8400867B66 /* divider.png in Resources */,
				17DA606613230E8400867B66 /* filter_page_star.png in Resources */,
				17DA606813230E8400867B66 /* globe-1.png in Resources */,
				17DA606913230E8400867B66 /* Icon.png in Resources */,
				17DA606A13230E8400867B66 /* Icon@2x.png in Resources */,
				17DA606B13230E8400867B66 /* login_gototopdish_button.png in Resources */,
				17DA606C13230E8400867B66 /* no_dish_img.png in Resources */,
				17DA606D13230E8400867B66 /* noPicWares.png in Resources */,
				17DA606E13230E8400867B66 /* priceSort.png in Resources */,
				17DA606F13230E8400867B66 /* quick_filter_button.png in Resources */,
				17DA607013230E8400867B66 /* resturant_back_no_boarder.png in Resources */,
				17DA607113230E8400867B66 /* resturant_back.png in Resources */,
				17DA607213230E8400867B66 /* star.png in Resources */,
				17DA607313230E8400867B66 /* submitadish_photo.png in Resources */,
				17DA607413230E8400867B66 /* tdlogo.png in Resources */,
				17DA607513230E8400867B66 /* white_back.png in Resources */,
				17DA607613230E8400867B66 /* yesOrno_button.png in Resources */,
				17DA607B13230EC000867B66 /* no_dish_img.jpg in Resources */,
				17DA607C13230EC000867B66 /* no_rest_img.jpg in Resources */,
				17DA608913230F7300867B66 /* greenup.gif in Resources */,
				17DA608A13230F7300867B66 /* red_flag.gif in Resources */,
				17DA608B13230F7300867B66 /* reddown.gif in Resources */,
				179A8DA7134C29B20072CAF0 /* LoginModalView.xib in Resources */,
				17A637961352AB3C00ED8842 /* thumbsup.jpg in Resources */,
				17A637981352AB4300ED8842 /* thumbsdown.jpg in Resources */,
				1792A833136A65D10058B8B7 /* LeaveFeedbackViewController.xib in Resources */,
				17CAB697138B684000CF2F00 /* googleButton.png in Resources */,
				17A5187413A303E400D47A3B /* filter.png in Resources */,
				17A5188C13A3067C00D47A3B /* filter_on.png in Resources */,
				17A518FE13A312AB00D47A3B /* CommentDetailViewController.xib in Resources */,
				17A51DC613A545FE00D47A3B /* TermsAndConditionsViewController.xib in Resources */,
			);
			runOnlyForDeploymentPostprocessing = 0;
		};
/* End PBXResourcesBuildPhase section */

/* Begin PBXSourcesBuildPhase section */
		1D60588E0D05DD3D006BFB54 /* Sources */ = {
			isa = PBXSourcesBuildPhase;
			buildActionMask = 2147483647;
			files = (
				1D60589B0D05DD56006BFB54 /* main.m in Sources */,
				17E6820D12F7BD0B0010E6A9 /* NSObject+SBJSON.m in Sources */,
				17E6820E12F7BD0B0010E6A9 /* NSString+SBJSON.m in Sources */,
				17E6820F12F7BD0B0010E6A9 /* SBJSON.m in Sources */,
				17E6821012F7BD0B0010E6A9 /* SBJsonBase.m in Sources */,
				17E6821112F7BD0B0010E6A9 /* SBJsonParser.m in Sources */,
				17E6821212F7BD0B0010E6A9 /* SBJsonWriter.m in Sources */,
				17DA5E411322BEDA00867B66 /* Facebook.m in Sources */,
				17DA5E441322BEDA00867B66 /* FBDialog.m in Sources */,
				17DA5E451322BEDA00867B66 /* FBLoginButton.m in Sources */,
				17DA5E461322BEDA00867B66 /* FBLoginDialog.m in Sources */,
				17DA5E471322BEDA00867B66 /* FBRequest.m in Sources */,
				17DA5E751322BF2500867B66 /* ASIAuthenticationDialog.m in Sources */,
				17DA5E761322BF2500867B66 /* ASIDataCompressor.m in Sources */,
				17DA5E771322BF2500867B66 /* ASIDataDecompressor.m in Sources */,
				17DA5E781322BF2500867B66 /* ASIDownloadCache.m in Sources */,
				17DA5E791322BF2500867B66 /* ASIFormDataRequest.m in Sources */,
				17DA5E7A1322BF2500867B66 /* ASIHTTPRequest.m in Sources */,
				17DA5E7B1322BF2500867B66 /* ASIInputStream.m in Sources */,
				17DA5E7C1322BF2500867B66 /* ASINetworkQueue.m in Sources */,
				17DA5EA21322BF7700867B66 /* AppModel.m in Sources */,
				17DA5EB21322C05200867B66 /* AccountView.m in Sources */,
				17DA5ED21322C57000867B66 /* AddADishViewController.m in Sources */,
				17DA5ED51322C57000867B66 /* RateADishViewController.m in Sources */,
				17DA5EE21322C5FD00867B66 /* RestaurantAnnotation.m in Sources */,
				17DA5EE41322C5FD00867B66 /* RestaurantDetailViewController.m in Sources */,
				17DA5F011322C68300867B66 /* NearbyMapViewController.m in Sources */,
				17DA5F0C1322C6DB00867B66 /* DishTableViewController.m in Sources */,
				17DA5F0D1322C6DB00867B66 /* MyCLController.m in Sources */,
				17DA5F0E1322C6DB00867B66 /* RestaurantList.m in Sources */,
				17DA5F141322C71900867B66 /* TopDishAppDelegate.m in Sources */,
				17DA5F1A1322C76300867B66 /* DishDetailViewController.m in Sources */,
				17DA5F211322C78B00867B66 /* SettingsView1.m in Sources */,
				17DA5F271322C7C500867B66 /* SegmentsController.m in Sources */,
				17DA5F2A1322C7FB00867B66 /* Reachability.m in Sources */,
				17DA5F301322C82700867B66 /* NSArray+PerformSelector.m in Sources */,
				17DA608313230F2200867B66 /* TopDish.xcdatamodeld in Sources */,
				17DA60961323101300867B66 /* Restaurant.m in Sources */,
				17DA60A71323103900867B66 /* User.m in Sources */,
				17DA60A81323103900867B66 /* DishComment.m in Sources */,
				1777A001133060A600E3F4B9 /* RestaurantOrDishAnnotation.m in Sources */,
				1777A18D13310A3B00E3F4B9 /* Dish.m in Sources */,
				1777A18E13310A3B00E3F4B9 /* ObjectWithImage.m in Sources */,
				17C4A5B813353E7E005D950B /* IncomingProcessor.m in Sources */,
				179A8DA6134C29B20072CAF0 /* LoginModalView.m in Sources */,
				17A636831352795C00ED8842 /* CustomNSURLConnection.m in Sources */,
				1792A832136A65D10058B8B7 /* LeaveFeedbackViewController.m in Sources */,
				17FCDC531370FB86004EA4F9 /* DishTableViewCell.m in Sources */,
				17FCDDF913711125004EA4F9 /* RestaurantTableViewCell.m in Sources */,
				1714C3BD13778C3F009E1BDA /* MBProgressHUD.m in Sources */,
				17A8A4E4137B9EAC002C5FBB /* DistanceUpdator.m in Sources */,
				17A518FD13A312AB00D47A3B /* CommentDetailViewController.m in Sources */,
				17A519EF13A33D0400D47A3B /* FeedbackStringProcessor.m in Sources */,
				17A51DC513A545FE00D47A3B /* TermsAndConditionsViewController.m in Sources */,
			);
			runOnlyForDeploymentPostprocessing = 0;
		};
/* End PBXSourcesBuildPhase section */

/* Begin XCBuildConfiguration section */
		17779D9A132DA08E00E3F4B9 /* AdHoc */ = {
			isa = XCBuildConfiguration;
			buildSettings = {
				ARCHS = "$(ARCHS_STANDARD_32_BIT)";
				CODE_SIGN_ENTITLEMENTS = "";
				"CODE_SIGN_IDENTITY[sdk=iphoneos*]" = "iPhone Distribution: TopDish Inc.";
				GCC_C_LANGUAGE_STANDARD = c99;
				GCC_PREPROCESSOR_DEFINITIONS = NS_BLOCK_ASSERTIONS;
				GCC_WARN_ABOUT_RETURN_TYPE = YES;
				GCC_WARN_UNUSED_VARIABLE = YES;
				IPHONEOS_DEPLOYMENT_TARGET = 4.0;
				OTHER_CFLAGS = "-DNS_BLOCK_ASSERTIONS=1";
				PREBINDING = NO;
				"PROVISIONING_PROFILE[sdk=iphoneos*]" = "678CE539-BEA0-430B-B0E4-DBAD30650D01";
				SDKROOT = iphoneos;
			};
			name = AdHoc;
		};
		17779D9B132DA08E00E3F4B9 /* AdHoc */ = {
			isa = XCBuildConfiguration;
			buildSettings = {
				ALWAYS_SEARCH_USER_PATHS = NO;
				CODE_SIGN_ENTITLEMENTS = "";
				"CODE_SIGN_IDENTITY[sdk=iphoneos*]" = "iPhone Distribution: TopDish Inc.";
				COPY_PHASE_STRIP = YES;
				GCC_PRECOMPILE_PREFIX_HEADER = YES;
				GCC_PREFIX_HEADER = TopDish_Prefix.pch;
				INFOPLIST_FILE = "TopDish-Info.plist";
				LIBRARY_SEARCH_PATHS = (
					"$(inherited)",
					"\"$(SRCROOT)/objectiveresource/samples/google_toolbar/TigerGcov\"",
				);
				PRODUCT_NAME = TopDish;
				"PROVISIONING_PROFILE[sdk=iphoneos*]" = "678CE539-BEA0-430B-B0E4-DBAD30650D01";
				VALIDATE_PRODUCT = YES;
			};
			name = AdHoc;
		};
		17C4AAC0133FFEA5005D950B /* AdHoc usb */ = {
			isa = XCBuildConfiguration;
			buildSettings = {
				ARCHS = "$(ARCHS_STANDARD_32_BIT)";
				CODE_SIGN_ENTITLEMENTS = "";
				"CODE_SIGN_IDENTITY[sdk=iphoneos*]" = "iPhone Distribution: roderic campbell";
				GCC_C_LANGUAGE_STANDARD = c99;
				GCC_PREPROCESSOR_DEFINITIONS = NS_BLOCK_ASSERTIONS;
				GCC_WARN_ABOUT_RETURN_TYPE = YES;
				GCC_WARN_UNUSED_VARIABLE = YES;
				IPHONEOS_DEPLOYMENT_TARGET = 4.0;
				OTHER_CFLAGS = "-DNS_BLOCK_ASSERTIONS=1";
				PREBINDING = NO;
				"PROVISIONING_PROFILE[sdk=iphoneos*]" = "24BE50D0-110F-4C88-A330-0376DDE37DC5";
				SDKROOT = iphoneos;
			};
			name = "AdHoc usb";
		};
		17C4AAC1133FFEA5005D950B /* AdHoc usb */ = {
			isa = XCBuildConfiguration;
			buildSettings = {
				ALWAYS_SEARCH_USER_PATHS = NO;
				CODE_SIGN_ENTITLEMENTS = "";
				"CODE_SIGN_IDENTITY[sdk=iphoneos*]" = "iPhone Distribution";
				COPY_PHASE_STRIP = YES;
				GCC_PRECOMPILE_PREFIX_HEADER = YES;
				GCC_PREFIX_HEADER = TopDish_Prefix.pch;
				INFOPLIST_FILE = "TopDish-Info.plist";
				LIBRARY_SEARCH_PATHS = (
					"$(inherited)",
					"\"$(SRCROOT)/objectiveresource/samples/google_toolbar/TigerGcov\"",
				);
				PRODUCT_NAME = TopDish;
				"PROVISIONING_PROFILE[sdk=iphoneos*]" = "";
				VALIDATE_PRODUCT = YES;
			};
			name = "AdHoc usb";
		};
		1D6058940D05DD3E006BFB54 /* Debug */ = {
			isa = XCBuildConfiguration;
			buildSettings = {
				ALWAYS_SEARCH_USER_PATHS = NO;
				CODE_SIGN_ENTITLEMENTS = "";
				"CODE_SIGN_IDENTITY[sdk=iphoneos*]" = "iPhone Distribution";
				COPY_PHASE_STRIP = NO;
				GCC_DYNAMIC_NO_PIC = NO;
				GCC_OPTIMIZATION_LEVEL = 0;
				GCC_PRECOMPILE_PREFIX_HEADER = YES;
				GCC_PREFIX_HEADER = TopDish_Prefix.pch;
				INFOPLIST_FILE = "TopDish-Info.plist";
				LIBRARY_SEARCH_PATHS = (
					"$(inherited)",
					"\"$(SRCROOT)/objectiveresource/samples/google_toolbar/TigerGcov\"",
				);
				PRODUCT_NAME = TopDish;
				"PROVISIONING_PROFILE[sdk=iphoneos*]" = "";
			};
			name = Debug;
		};
		1D6058950D05DD3E006BFB54 /* Release */ = {
			isa = XCBuildConfiguration;
			buildSettings = {
				ALWAYS_SEARCH_USER_PATHS = NO;
				CODE_SIGN_ENTITLEMENTS = "";
				"CODE_SIGN_IDENTITY[sdk=iphoneos*]" = "iPhone Distribution: TopDish Inc.";
				COPY_PHASE_STRIP = YES;
				GCC_PRECOMPILE_PREFIX_HEADER = YES;
				GCC_PREFIX_HEADER = TopDish_Prefix.pch;
				INFOPLIST_FILE = "TopDish-Info.plist";
				LIBRARY_SEARCH_PATHS = (
					"$(inherited)",
					"\"$(SRCROOT)/objectiveresource/samples/google_toolbar/TigerGcov\"",
				);
				PRODUCT_NAME = TopDish;
				"PROVISIONING_PROFILE[sdk=iphoneos*]" = "64C097C1-DC89-49C5-A3E5-54C317CB340D";
				VALIDATE_PRODUCT = YES;
			};
			name = Release;
		};
		C01FCF4F08A954540054247B /* Debug */ = {
			isa = XCBuildConfiguration;
			buildSettings = {
				ARCHS = "$(ARCHS_STANDARD_32_BIT)";
				CODE_SIGN_ENTITLEMENTS = "";
				"CODE_SIGN_IDENTITY[sdk=iphoneos*]" = "iPhone Distribution: roderic campbell";
				GCC_C_LANGUAGE_STANDARD = c99;
				GCC_PREPROCESSOR_DEFINITIONS = DEBUG;
				GCC_WARN_ABOUT_RETURN_TYPE = YES;
				GCC_WARN_UNUSED_PARAMETER = NO;
				GCC_WARN_UNUSED_VALUE = NO;
				GCC_WARN_UNUSED_VARIABLE = YES;
				GENERATE_PROFILING_CODE = YES;
				HEADER_SEARCH_PATHS = /usr/include/libxml2;
				IPHONEOS_DEPLOYMENT_TARGET = 4.0;
				OTHER_LDFLAGS = "-lxml2";
				PREBINDING = NO;
				"PROVISIONING_PROFILE[sdk=iphoneos*]" = "24BE50D0-110F-4C88-A330-0376DDE37DC5";
				SDKROOT = iphoneos;
			};
			name = Debug;
		};
		C01FCF5008A954540054247B /* Release */ = {
			isa = XCBuildConfiguration;
			buildSettings = {
				ARCHS = "$(ARCHS_STANDARD_32_BIT)";
				CODE_SIGN_ENTITLEMENTS = "";
				"CODE_SIGN_IDENTITY[sdk=iphoneos*]" = "iPhone Distribution: TopDish Inc.";
				GCC_C_LANGUAGE_STANDARD = c99;
				GCC_PREPROCESSOR_DEFINITIONS = NS_BLOCK_ASSERTIONS;
				GCC_WARN_ABOUT_RETURN_TYPE = YES;
				GCC_WARN_UNUSED_VARIABLE = YES;
				IPHONEOS_DEPLOYMENT_TARGET = 4.0;
				OTHER_CFLAGS = "-DNS_BLOCK_ASSERTIONS=1";
				PREBINDING = NO;
				"PROVISIONING_PROFILE[sdk=iphoneos*]" = "64C097C1-DC89-49C5-A3E5-54C317CB340D";
				SDKROOT = iphoneos;
			};
			name = Release;
		};
/* End XCBuildConfiguration section */

/* Begin XCConfigurationList section */
		1D6058960D05DD3E006BFB54 /* Build configuration list for PBXNativeTarget "TopDish" */ = {
			isa = XCConfigurationList;
			buildConfigurations = (
				1D6058940D05DD3E006BFB54 /* Debug */,
				1D6058950D05DD3E006BFB54 /* Release */,
				17779D9B132DA08E00E3F4B9 /* AdHoc */,
				17C4AAC1133FFEA5005D950B /* AdHoc usb */,
			);
			defaultConfigurationIsVisible = 0;
			defaultConfigurationName = Release;
		};
		C01FCF4E08A954540054247B /* Build configuration list for PBXProject "TopDish" */ = {
			isa = XCConfigurationList;
			buildConfigurations = (
				C01FCF4F08A954540054247B /* Debug */,
				C01FCF5008A954540054247B /* Release */,
				17779D9A132DA08E00E3F4B9 /* AdHoc */,
				17C4AAC0133FFEA5005D950B /* AdHoc usb */,
			);
			defaultConfigurationIsVisible = 0;
			defaultConfigurationName = Release;
		};
/* End XCConfigurationList section */

/* Begin XCVersionGroup section */
		17DA608013230F2200867B66 /* TopDish.xcdatamodeld */ = {
			isa = XCVersionGroup;
			children = (
				1777A18913310A3B00E3F4B9 /* Dish.h */,
				1777A18A13310A3B00E3F4B9 /* Dish.m */,
				1777A18B13310A3B00E3F4B9 /* ObjectWithImage.h */,
				1777A18C13310A3B00E3F4B9 /* ObjectWithImage.m */,
				17DA60A01323103900867B66 /* User.h */,
				17DA60A11323103900867B66 /* User.m */,
				17DA60A21323103900867B66 /* DishComment.h */,
				17DA60A31323103900867B66 /* DishComment.m */,
				17DA608113230F2200867B66 /* TopDish 2.xcdatamodel */,
				17DA608213230F2200867B66 /* TopDish.xcdatamodel */,
				17DA60941323101300867B66 /* Restaurant.h */,
				17DA60951323101300867B66 /* Restaurant.m */,
			);
			currentVersion = 17DA608213230F2200867B66 /* TopDish.xcdatamodel */;
			name = TopDish.xcdatamodeld;
			path = model/TopDish.xcdatamodeld;
			sourceTree = "<group>";
			versionGroupType = wrapper.xcdatamodel;
		};
/* End XCVersionGroup section */
	};
	rootObject = 29B97313FDCFA39411CA2CEA /* Project object */;
}
