
Microsoft Visual Studio Solution File, Format Version 11.00
# Visual Studio 2010
Project("{FAE04EC0-301F-11D3-BF4B-00C04F79EFBC}") = "TopDish", "TopDish\TopDish.csproj", "{8863686e-6be8-430c-832b-eb56683a645d}"
EndProject
Global
	GlobalSection(SolutionConfigurationPlatforms) = preSolution
		Debug|Any CPU = Debug|Any CPU
		Release|Any CPU = Release|Any CPU
	EndGlobalSection
	GlobalSection(ProjectConfigurationPlatforms) = postSolution
		{8863686E-6BE8-430C-832B-EB56683A645D}.Debug|Any CPU.ActiveCfg = Debug|Any CPU
		{8863686E-6BE8-430C-832B-EB56683A645D}.Debug|Any CPU.Build.0 = Debug|Any CPU
		{8863686E-6BE8-430C-832B-EB56683A645D}.Debug|Any CPU.Deploy.0 = Debug|Any CPU
		{8863686E-6BE8-430C-832B-EB56683A645D}.Release|Any CPU.ActiveCfg = Release|Any CPU
		{8863686E-6BE8-430C-832B-EB56683A645D}.Release|Any CPU.Build.0 = Release|Any CPU
		{8863686E-6BE8-430C-832B-EB56683A645D}.Release|Any CPU.Deploy.0 = Release|Any CPU
	EndGlobalSection
EndGlobal
